// !$*UTF8*$!
{
	archiveVersion = 1;
	classes = {
	};
	objectVersion = 56;
	objects = {

/* Begin PBXBuildFile section */
		000000000000000000000200 /* OmnipoApp.swift in Sources */ = {isa = PBXBuildFile; fileRef = 000000000000000000000100 /* OmnipoApp.swift */; };
		000000000000000000000201 /* AppState.swift in Sources */ = {isa = PBXBuildFile; fileRef = 000000000000000000000101 /* AppState.swift */; };
		000000000000000000000202 /* AppDestination.swift in Sources */ = {isa = PBXBuildFile; fileRef = 000000000000000000000102 /* AppDestination.swift */; };
		000000000000000000000203 /* DependencyContainer.swift in Sources */ = {isa = PBXBuildFile; fileRef = 000000000000000000000103 /* DependencyContainer.swift */; };
		000000000000000000000204 /* RootView.swift in Sources */ = {isa = PBXBuildFile; fileRef = 000000000000000000000104 /* RootView.swift */; };
		000000000000000000000205 /* SettingsView.swift in Sources */ = {isa = PBXBuildFile; fileRef = 000000000000000000000105 /* SettingsView.swift */; };
		000000000000000000000206 /* DashboardView.swift in Sources */ = {isa = PBXBuildFile; fileRef = 000000000000000000000106 /* DashboardView.swift */; };
		000000000000000000000207 /* LauncherView.swift in Sources */ = {isa = PBXBuildFile; fileRef = 000000000000000000000107 /* LauncherView.swift */; };
		000000000000000000000208 /* ClipboardView.swift in Sources */ = {isa = PBXBuildFile; fileRef = 000000000000000000000108 /* ClipboardView.swift */; };
		000000000000000000000209 /* CleanerView.swift in Sources */ = {isa = PBXBuildFile; fileRef = 000000000000000000000109 /* CleanerView.swift */; };
		00000000000000000000020A /* UninstallerView.swift in Sources */ = {isa = PBXBuildFile; fileRef = 00000000000000000000010A /* UninstallerView.swift */; };
		00000000000000000000020B /* PermissionAuditView.swift in Sources */ = {isa = PBXBuildFile; fileRef = 00000000000000000000010B /* PermissionAuditView.swift */; };
		00000000000000000000020C /* WeChatManagerView.swift in Sources */ = {isa = PBXBuildFile; fileRef = 00000000000000000000010C /* WeChatManagerView.swift */; };
		00000000000000000000020D /* SystemMonitorView.swift in Sources */ = {isa = PBXBuildFile; fileRef = 00000000000000000000010D /* SystemMonitorView.swift */; };
		00000000000000000000020E /* PlaceholderFeatureView.swift in Sources */ = {isa = PBXBuildFile; fileRef = 00000000000000000000010E /* PlaceholderFeatureView.swift */; };
		00000000000000000000020F /* SettingsService.swift in Sources */ = {isa = PBXBuildFile; fileRef = 00000000000000000000010F /* SettingsService.swift */; };
		000000000000000000000210 /* LoggingService.swift in Sources */ = {isa = PBXBuildFile; fileRef = 000000000000000000000110 /* LoggingService.swift */; };
		000000000000000000000211 /* AppError.swift in Sources */ = {isa = PBXBuildFile; fileRef = 000000000000000000000111 /* AppError.swift */; };
		000000000000000000000212 /* TaskProgress.swift in Sources */ = {isa = PBXBuildFile; fileRef = 000000000000000000000112 /* TaskProgress.swift */; };
		000000000000000000000213 /* OperationLog.swift in Sources */ = {isa = PBXBuildFile; fileRef = 000000000000000000000113 /* OperationLog.swift */; };
		000000000000000000000214 /* UserDefaultsSettingsService.swift in Sources */ = {isa = PBXBuildFile; fileRef = 000000000000000000000114 /* UserDefaultsSettingsService.swift */; };
		000000000000000000000215 /* OSLogLoggingService.swift in Sources */ = {isa = PBXBuildFile; fileRef = 000000000000000000000115 /* OSLogLoggingService.swift */; };
		000000000000000000000216 /* Assets.xcassets in Resources */ = {isa = PBXBuildFile; fileRef = 000000000000000000000116 /* Assets.xcassets */; };
		000000000000000000000217 /* SettingsServiceTests.swift in Sources */ = {isa = PBXBuildFile; fileRef = 000000000000000000000119 /* SettingsServiceTests.swift */; };
		000000000000000000000218 /* LoggingServiceTests.swift in Sources */ = {isa = PBXBuildFile; fileRef = 00000000000000000000011A /* LoggingServiceTests.swift */; };
		000000000000000000000219 /* ModelTests.swift in Sources */ = {isa = PBXBuildFile; fileRef = 00000000000000000000011B /* ModelTests.swift */; };
		000000000000000000000220 /* KeyboardShortcut.swift in Sources */ = {isa = PBXBuildFile; fileRef = 000000000000000000000300 /* KeyboardShortcut.swift */; };
		000000000000000000000221 /* LauncherCommand.swift in Sources */ = {isa = PBXBuildFile; fileRef = 000000000000000000000301 /* LauncherCommand.swift */; };
		000000000000000000000222 /* SearchResult.swift in Sources */ = {isa = PBXBuildFile; fileRef = 000000000000000000000302 /* SearchResult.swift */; };
		000000000000000000000223 /* ShortcutService.swift in Sources */ = {isa = PBXBuildFile; fileRef = 000000000000000000000303 /* ShortcutService.swift */; };
		000000000000000000000224 /* SearchService.swift in Sources */ = {isa = PBXBuildFile; fileRef = 000000000000000000000304 /* SearchService.swift */; };
		000000000000000000000225 /* KeyboardShortcutTests.swift in Sources */ = {isa = PBXBuildFile; fileRef = 000000000000000000000305 /* KeyboardShortcutTests.swift */; };
		000000000000000000000226 /* LauncherCommandTests.swift in Sources */ = {isa = PBXBuildFile; fileRef = 000000000000000000000306 /* LauncherCommandTests.swift */; };
		000000000000000000000227 /* SearchResultTests.swift in Sources */ = {isa = PBXBuildFile; fileRef = 000000000000000000000307 /* SearchResultTests.swift */; };
		000000000000000000000228 /* CarbonShortcutService.swift in Sources */ = {isa = PBXBuildFile; fileRef = 000000000000000000000308 /* CarbonShortcutService.swift */; };
		000000000000000000000229 /* CarbonShortcutServiceTests.swift in Sources */ = {isa = PBXBuildFile; fileRef = 000000000000000000000309 /* CarbonShortcutServiceTests.swift */; };
		00000000000000000000022A /* ShortcutSettingsSection.swift in Sources */ = {isa = PBXBuildFile; fileRef = 00000000000000000000030A /* ShortcutSettingsSection.swift */; };
		00000000000000000000022B /* SearchMatcher.swift in Sources */ = {isa = PBXBuildFile; fileRef = 00000000000000000000030B /* SearchMatcher.swift */; };
		00000000000000000000022C /* SearchRanker.swift in Sources */ = {isa = PBXBuildFile; fileRef = 00000000000000000000030C /* SearchRanker.swift */; };
		00000000000000000000022D /* CommandSearchProvider.swift in Sources */ = {isa = PBXBuildFile; fileRef = 00000000000000000000030D /* CommandSearchProvider.swift */; };
		00000000000000000000022E /* SearchRankerTests.swift in Sources */ = {isa = PBXBuildFile; fileRef = 00000000000000000000030E /* SearchRankerTests.swift */; };
		00000000000000000000022F /* SystemApplicationDiscovery.swift in Sources */ = {isa = PBXBuildFile; fileRef = 00000000000000000000030F /* SystemApplicationDiscovery.swift */; };
		000000000000000000000243 /* ApplicationIndex.swift in Sources */ = {isa = PBXBuildFile; fileRef = 000000000000000000000323 /* ApplicationIndex.swift */; };
		000000000000000000000230 /* ApplicationSearchProvider.swift in Sources */ = {isa = PBXBuildFile; fileRef = 000000000000000000000310 /* ApplicationSearchProvider.swift */; };
		000000000000000000000231 /* ApplicationLauncher.swift in Sources */ = {isa = PBXBuildFile; fileRef = 000000000000000000000311 /* ApplicationLauncher.swift */; };
		000000000000000000000232 /* ApplicationSearchProviderTests.swift in Sources */ = {isa = PBXBuildFile; fileRef = 000000000000000000000312 /* ApplicationSearchProviderTests.swift */; };
		000000000000000000000233 /* SpotlightFileSearchProvider.swift in Sources */ = {isa = PBXBuildFile; fileRef = 000000000000000000000313 /* SpotlightFileSearchProvider.swift */; };
		000000000000000000000234 /* SpotlightFileSearchBackend.swift in Sources */ = {isa = PBXBuildFile; fileRef = 000000000000000000000314 /* SpotlightFileSearchBackend.swift */; };
		000000000000000000000235 /* FileLauncher.swift in Sources */ = {isa = PBXBuildFile; fileRef = 000000000000000000000315 /* FileLauncher.swift */; };
		000000000000000000000236 /* SpotlightFileSearchProviderTests.swift in Sources */ = {isa = PBXBuildFile; fileRef = 000000000000000000000316 /* SpotlightFileSearchProviderTests.swift */; };
		000000000000000000000237 /* DefaultSearchService.swift in Sources */ = {isa = PBXBuildFile; fileRef = 000000000000000000000317 /* DefaultSearchService.swift */; };
		000000000000000000000238 /* LauncherStore.swift in Sources */ = {isa = PBXBuildFile; fileRef = 000000000000000000000318 /* LauncherStore.swift */; };
		000000000000000000000239 /* SearchAggregationTests.swift in Sources */ = {isa = PBXBuildFile; fileRef = 000000000000000000000319 /* SearchAggregationTests.swift */; };
		00000000000000000000023A /* LauncherPanelView.swift in Sources */ = {isa = PBXBuildFile; fileRef = 00000000000000000000031A /* LauncherPanelView.swift */; };
		00000000000000000000023B /* LauncherPanelController.swift in Sources */ = {isa = PBXBuildFile; fileRef = 00000000000000000000031B /* LauncherPanelController.swift */; };
		00000000000000000000023C /* LauncherNavigation.swift in Sources */ = {isa = PBXBuildFile; fileRef = 00000000000000000000031C /* LauncherNavigation.swift */; };
		00000000000000000000023D /* LauncherCommandExecutor.swift in Sources */ = {isa = PBXBuildFile; fileRef = 00000000000000000000031D /* LauncherCommandExecutor.swift */; };
		00000000000000000000023E /* LauncherResultExecutor.swift in Sources */ = {isa = PBXBuildFile; fileRef = 00000000000000000000031E /* LauncherResultExecutor.swift */; };
		00000000000000000000023F /* LauncherCoordinator.swift in Sources */ = {isa = PBXBuildFile; fileRef = 00000000000000000000031F /* LauncherCoordinator.swift */; };
		0000000000000000000002A0 /* ClipboardCoordinator.swift in Sources */ = {isa = PBXBuildFile; fileRef = 0000000000000000000003A0 /* ClipboardCoordinator.swift */; };
		0000000000000000000002A1 /* ClipboardPanelController.swift in Sources */ = {isa = PBXBuildFile; fileRef = 0000000000000000000003A1 /* ClipboardPanelController.swift */; };
		0000000000000000000002A2 /* ClipboardPanelView.swift in Sources */ = {isa = PBXBuildFile; fileRef = 0000000000000000000003A2 /* ClipboardPanelView.swift */; };
		0000000000000000000002A3 /* ClipboardContentType+Presentation.swift in Sources */ = {isa = PBXBuildFile; fileRef = 0000000000000000000003A3 /* ClipboardContentType+Presentation.swift */; };
		0000000000000000000002A4 /* PermissionAudit.swift in Sources */ = {isa = PBXBuildFile; fileRef = 0000000000000000000003A4 /* PermissionAudit.swift */; };
		0000000000000000000002A5 /* PermissionAuditService.swift in Sources */ = {isa = PBXBuildFile; fileRef = 0000000000000000000003A5 /* PermissionAuditService.swift */; };
		0000000000000000000002A6 /* PermissionAuditModelsTests.swift in Sources */ = {isa = PBXBuildFile; fileRef = 0000000000000000000003A6 /* PermissionAuditModelsTests.swift */; };
		0000000000000000000003C0 /* PermissionAuditAggregator.swift in Sources */ = {isa = PBXBuildFile; fileRef = 0000000000000000000003B0 /* PermissionAuditAggregator.swift */; };
		0000000000000000000003C1 /* DefaultPermissionAuditService.swift in Sources */ = {isa = PBXBuildFile; fileRef = 0000000000000000000003B1 /* DefaultPermissionAuditService.swift */; };
		0000000000000000000003C2 /* TCCReadOnlySnapshotProvider.swift in Sources */ = {isa = PBXBuildFile; fileRef = 0000000000000000000003B2 /* TCCReadOnlySnapshotProvider.swift */; };
		0000000000000000000003C3 /* TCCPermissionCategoryProvider.swift in Sources */ = {isa = PBXBuildFile; fileRef = 0000000000000000000003B3 /* TCCPermissionCategoryProvider.swift */; };
		0000000000000000000003C4 /* SystemPermissionApplicationResolver.swift in Sources */ = {isa = PBXBuildFile; fileRef = 0000000000000000000003B4 /* SystemPermissionApplicationResolver.swift */; };
		0000000000000000000003C5 /* PermissionAuditStore.swift in Sources */ = {isa = PBXBuildFile; fileRef = 0000000000000000000003B5 /* PermissionAuditStore.swift */; };
		0000000000000000000003D1 /* Bundle+DisplayName.swift in Sources */ = {isa = PBXBuildFile; fileRef = 0000000000000000000003D0 /* Bundle+DisplayName.swift */; };
		000000000000000000000240 /* MainWindowNavigator.swift in Sources */ = {isa = PBXBuildFile; fileRef = 000000000000000000000320 /* MainWindowNavigator.swift */; };
		000000000000000000000241 /* LauncherCommandExecutorTests.swift in Sources */ = {isa = PBXBuildFile; fileRef = 000000000000000000000321 /* LauncherCommandExecutorTests.swift */; };
		000000000000000000000242 /* LauncherInputState.swift in Sources */ = {isa = PBXBuildFile; fileRef = 000000000000000000000322 /* LauncherInputState.swift */; };
		000000000000000000000244 /* LauncherSearchField.swift in Sources */ = {isa = PBXBuildFile; fileRef = 000000000000000000000324 /* LauncherSearchField.swift */; };
		000000000000000000000245 /* ApplicationResourceCache.swift in Sources */ = {isa = PBXBuildFile; fileRef = 000000000000000000000325 /* ApplicationResourceCache.swift */; };
		000000000000000000000246 /* LauncherPerformanceTests.swift in Sources */ = {isa = PBXBuildFile; fileRef = 000000000000000000000326 /* LauncherPerformanceTests.swift */; };
		000000000000000000000247 /* DashboardShortcut.swift in Sources */ = {isa = PBXBuildFile; fileRef = 000000000000000000000327 /* DashboardShortcut.swift */; };
		000000000000000000000248 /* SidebarView.swift in Sources */ = {isa = PBXBuildFile; fileRef = 000000000000000000000328 /* SidebarView.swift */; };
		000000000000000000000249 /* DashboardComponents.swift in Sources */ = {isa = PBXBuildFile; fileRef = 000000000000000000000329 /* DashboardComponents.swift */; };
		000000000000000000000250 /* WindowLayoutMetrics.swift in Sources */ = {isa = PBXBuildFile; fileRef = 00000000000000000000032A /* WindowLayoutMetrics.swift */; };
		000000000000000000000251 /* DiskCapacitySnapshot.swift in Sources */ = {isa = PBXBuildFile; fileRef = 00000000000000000000032B /* DiskCapacitySnapshot.swift */; };
		000000000000000000000252 /* DiskUsageService.swift in Sources */ = {isa = PBXBuildFile; fileRef = 00000000000000000000032C /* DiskUsageService.swift */; };
		000000000000000000000253 /* DiskUsageServiceTests.swift in Sources */ = {isa = PBXBuildFile; fileRef = 00000000000000000000032D /* DiskUsageServiceTests.swift */; };
		000000000000000000000254 /* SystemDiskUsageService.swift in Sources */ = {isa = PBXBuildFile; fileRef = 00000000000000000000032E /* SystemDiskUsageService.swift */; };
		000000000000000000000255 /* SystemDiskUsageServiceTests.swift in Sources */ = {isa = PBXBuildFile; fileRef = 00000000000000000000032F /* SystemDiskUsageServiceTests.swift */; };
		000000000000000000000256 /* AppStateTests.swift in Sources */ = {isa = PBXBuildFile; fileRef = 000000000000000000000330 /* AppStateTests.swift */; };
		000000000000000000000257 /* LauncherCoordinatorTests.swift in Sources */ = {isa = PBXBuildFile; fileRef = 000000000000000000000331 /* LauncherCoordinatorTests.swift */; };
		000000000000000000000258 /* LargeFile.swift in Sources */ = {isa = PBXBuildFile; fileRef = 000000000000000000000332 /* LargeFile.swift */; };
		000000000000000000000259 /* LargeFileTests.swift in Sources */ = {isa = PBXBuildFile; fileRef = 000000000000000000000333 /* LargeFileTests.swift */; };
		00000000000000000000025A /* LargeFileScanner.swift in Sources */ = {isa = PBXBuildFile; fileRef = 000000000000000000000334 /* LargeFileScanner.swift */; };
		00000000000000000000025B /* LargeFileScannerTests.swift in Sources */ = {isa = PBXBuildFile; fileRef = 000000000000000000000335 /* LargeFileScannerTests.swift */; };
		00000000000000000000025C /* CleanerLargeFileSection.swift in Sources */ = {isa = PBXBuildFile; fileRef = 000000000000000000000336 /* CleanerLargeFileSection.swift */; };
		00000000000000000000025D /* CleanerLargeFileSectionTests.swift in Sources */ = {isa = PBXBuildFile; fileRef = 000000000000000000000337 /* CleanerLargeFileSectionTests.swift */; };
		00000000000000000000025E /* AuthorizedRootManager.swift in Sources */ = {isa = PBXBuildFile; fileRef = 000000000000000000000338 /* AuthorizedRootManager.swift */; };
		00000000000000000000025F /* SystemMetricSnapshot.swift in Sources */ = {isa = PBXBuildFile; fileRef = 000000000000000000000339 /* SystemMetricSnapshot.swift */; };
		000000000000000000000260 /* SystemMonitorService.swift in Sources */ = {isa = PBXBuildFile; fileRef = 00000000000000000000033A /* SystemMonitorService.swift */; };
		000000000000000000000261 /* SystemMonitorModelsTests.swift in Sources */ = {isa = PBXBuildFile; fileRef = 00000000000000000000033B /* SystemMonitorModelsTests.swift */; };
		000000000000000000000262 /* CPUSampler.swift in Sources */ = {isa = PBXBuildFile; fileRef = 00000000000000000000033C /* CPUSampler.swift */; };
		000000000000000000000263 /* CPUSamplerTests.swift in Sources */ = {isa = PBXBuildFile; fileRef = 00000000000000000000033D /* CPUSamplerTests.swift */; };
		000000000000000000000264 /* MemorySampler.swift in Sources */ = {isa = PBXBuildFile; fileRef = 00000000000000000000033E /* MemorySampler.swift */; };
		000000000000000000000265 /* MemorySamplerTests.swift in Sources */ = {isa = PBXBuildFile; fileRef = 00000000000000000000033F /* MemorySamplerTests.swift */; };
		000000000000000000000266 /* EnergyStatus.swift in Sources */ = {isa = PBXBuildFile; fileRef = 000000000000000000000340 /* EnergyStatus.swift */; };
		000000000000000000000267 /* EnergyStatusTests.swift in Sources */ = {isa = PBXBuildFile; fileRef = 000000000000000000000341 /* EnergyStatusTests.swift */; };
		000000000000000000000268 /* NetworkSampler.swift in Sources */ = {isa = PBXBuildFile; fileRef = 000000000000000000000342 /* NetworkSampler.swift */; };
		000000000000000000000269 /* NetworkSamplerTests.swift in Sources */ = {isa = PBXBuildFile; fileRef = 000000000000000000000343 /* NetworkSamplerTests.swift */; };
		00000000000000000000026A /* DefaultSystemMonitorService.swift in Sources */ = {isa = PBXBuildFile; fileRef = 000000000000000000000344 /* DefaultSystemMonitorService.swift */; };
		00000000000000000000026B /* DefaultSystemMonitorServiceTests.swift in Sources */ = {isa = PBXBuildFile; fileRef = 000000000000000000000345 /* DefaultSystemMonitorServiceTests.swift */; };
		00000000000000000000026C /* SystemMonitorStore.swift in Sources */ = {isa = PBXBuildFile; fileRef = 000000000000000000000346 /* SystemMonitorStore.swift */; };
		00000000000000000000026D /* SystemMonitorStoreTests.swift in Sources */ = {isa = PBXBuildFile; fileRef = 000000000000000000000347 /* SystemMonitorStoreTests.swift */; };
		00000000000000000000026E /* SystemMonitorTab.swift in Sources */ = {isa = PBXBuildFile; fileRef = 000000000000000000000348 /* SystemMonitorTab.swift */; };
		00000000000000000000026F /* AppUsage.swift in Sources */ = {isa = PBXBuildFile; fileRef = 000000000000000000000349 /* AppUsage.swift */; };
		000000000000000000000270 /* AppUsageSampling.swift in Sources */ = {isa = PBXBuildFile; fileRef = 00000000000000000000034A /* AppUsageSampling.swift */; };
		000000000000000000000271 /* DefaultAppUsageSampler.swift in Sources */ = {isa = PBXBuildFile; fileRef = 00000000000000000000034B /* DefaultAppUsageSampler.swift */; };
		000000000000000000000272 /* AppUsageSamplerTests.swift in Sources */ = {isa = PBXBuildFile; fileRef = 00000000000000000000034C /* AppUsageSamplerTests.swift */; };
		000000000000000000000273 /* StatusBarManager.swift in Sources */ = {isa = PBXBuildFile; fileRef = 00000000000000000000034D /* StatusBarManager.swift */; };
		000000000000000000000274 /* OmnipoTheme.swift in Sources */ = {isa = PBXBuildFile; fileRef = 00000000000000000000034E /* OmnipoTheme.swift */; };
		000000000000000000000275 /* ClipboardContentType.swift in Sources */ = {isa = PBXBuildFile; fileRef = 00000000000000000000034F /* ClipboardContentType.swift */; };
		000000000000000000000276 /* ClipboardItem.swift in Sources */ = {isa = PBXBuildFile; fileRef = 000000000000000000000350 /* ClipboardItem.swift */; };
		000000000000000000000277 /* ClipboardService.swift in Sources */ = {isa = PBXBuildFile; fileRef = 000000000000000000000351 /* ClipboardService.swift */; };
		000000000000000000000278 /* ClipboardModelTests.swift in Sources */ = {isa = PBXBuildFile; fileRef = 000000000000000000000352 /* ClipboardModelTests.swift */; };
		000000000000000000000279 /* ClipboardStorageLocation.swift in Sources */ = {isa = PBXBuildFile; fileRef = 000000000000000000000353 /* ClipboardStorageLocation.swift */; };
		00000000000000000000027A /* ClipboardStorageLocationTests.swift in Sources */ = {isa = PBXBuildFile; fileRef = 000000000000000000000354 /* ClipboardStorageLocationTests.swift */; };
		00000000000000000000027B /* ClipboardDatabase.swift in Sources */ = {isa = PBXBuildFile; fileRef = 000000000000000000000355 /* ClipboardDatabase.swift */; };
		00000000000000000000027C /* ClipboardDatabaseTests.swift in Sources */ = {isa = PBXBuildFile; fileRef = 000000000000000000000356 /* ClipboardDatabaseTests.swift */; };
		00000000000000000000027D /* ClipboardRepository.swift in Sources */ = {isa = PBXBuildFile; fileRef = 000000000000000000000357 /* ClipboardRepository.swift */; };
		00000000000000000000027E /* ClipboardRepositoryTests.swift in Sources */ = {isa = PBXBuildFile; fileRef = 000000000000000000000358 /* ClipboardRepositoryTests.swift */; };
		00000000000000000000027F /* ClipboardBinaryPayload.swift in Sources */ = {isa = PBXBuildFile; fileRef = 000000000000000000000359 /* ClipboardBinaryPayload.swift */; };
		000000000000000000000280 /* BinaryContentStore.swift in Sources */ = {isa = PBXBuildFile; fileRef = 00000000000000000000035A /* BinaryContentStore.swift */; };
		000000000000000000000281 /* BinaryContentStoreTests.swift in Sources */ = {isa = PBXBuildFile; fileRef = 00000000000000000000035B /* BinaryContentStoreTests.swift */; };
		000000000000000000000282 /* ClipboardMonitor.swift in Sources */ = {isa = PBXBuildFile; fileRef = 00000000000000000000035C /* ClipboardMonitor.swift */; };
		000000000000000000000283 /* ClipboardMonitorTests.swift in Sources */ = {isa = PBXBuildFile; fileRef = 00000000000000000000035D /* ClipboardMonitorTests.swift */; };
		000000000000000000000284 /* ClipboardCapturedContent.swift in Sources */ = {isa = PBXBuildFile; fileRef = 00000000000000000000035E /* ClipboardCapturedContent.swift */; };
		000000000000000000000285 /* ClipboardContentReader.swift in Sources */ = {isa = PBXBuildFile; fileRef = 00000000000000000000035F /* ClipboardContentReader.swift */; };
		000000000000000000000286 /* ClipboardContentReaderTests.swift in Sources */ = {isa = PBXBuildFile; fileRef = 000000000000000000000360 /* ClipboardContentReaderTests.swift */; };
		000000000000000000000287 /* ClipboardSourceApplicationProvider.swift in Sources */ = {isa = PBXBuildFile; fileRef = 000000000000000000000361 /* ClipboardSourceApplicationProvider.swift */; };
		000000000000000000000288 /* ClipboardContentWriter.swift in Sources */ = {isa = PBXBuildFile; fileRef = 000000000000000000000362 /* ClipboardContentWriter.swift */; };
		000000000000000000000289 /* ClipboardPasteController.swift in Sources */ = {isa = PBXBuildFile; fileRef = 000000000000000000000363 /* ClipboardPasteController.swift */; };
		00000000000000000000028A /* ClipboardPasteControllerTests.swift in Sources */ = {isa = PBXBuildFile; fileRef = 000000000000000000000364 /* ClipboardPasteControllerTests.swift */; };
		00000000000000000000028B /* ClipboardContentWriterTests.swift in Sources */ = {isa = PBXBuildFile; fileRef = 000000000000000000000365 /* ClipboardContentWriterTests.swift */; };
		00000000000000000000028C /* DefaultClipboardService.swift in Sources */ = {isa = PBXBuildFile; fileRef = 000000000000000000000366 /* DefaultClipboardService.swift */; };
		00000000000000000000028D /* DefaultClipboardServiceTests.swift in Sources */ = {isa = PBXBuildFile; fileRef = 000000000000000000000367 /* DefaultClipboardServiceTests.swift */; };
		00000000000000000000028E /* AppUninstaller.swift in Sources */ = {isa = PBXBuildFile; fileRef = 000000000000000000000368 /* AppUninstaller.swift */; };
		00000000000000000000028F /* UninstallerService.swift in Sources */ = {isa = PBXBuildFile; fileRef = 000000000000000000000369 /* UninstallerService.swift */; };
		000000000000000000000290 /* AppUninstallerModelsTests.swift in Sources */ = {isa = PBXBuildFile; fileRef = 00000000000000000000036A /* AppUninstallerModelsTests.swift */; };
		000000000000000000000291 /* InstalledApplicationScanner.swift in Sources */ = {isa = PBXBuildFile; fileRef = 00000000000000000000036B /* InstalledApplicationScanner.swift */; };
		000000000000000000000292 /* InstalledApplicationScannerTests.swift in Sources */ = {isa = PBXBuildFile; fileRef = 00000000000000000000036C /* InstalledApplicationScannerTests.swift */; };
		000000000000000000000293 /* AssociatedFileScanner.swift in Sources */ = {isa = PBXBuildFile; fileRef = 00000000000000000000036D /* AssociatedFileScanner.swift */; };
		000000000000000000000294 /* AssociatedFileScannerTests.swift in Sources */ = {isa = PBXBuildFile; fileRef = 00000000000000000000036E /* AssociatedFileScannerTests.swift */; };
		000000000000000000000295 /* DefaultUninstallerService.swift in Sources */ = {isa = PBXBuildFile; fileRef = 00000000000000000000036F /* DefaultUninstallerService.swift */; };
		000000000000000000000296 /* SandboxTrashDeletionExecutor.swift in Sources */ = {isa = PBXBuildFile; fileRef = 000000000000000000000370 /* SandboxTrashDeletionExecutor.swift */; };
		000000000000000000000297 /* FinderAutomationDeletionExecutor.swift in Sources */ = {isa = PBXBuildFile; fileRef = 000000000000000000000371 /* FinderAutomationDeletionExecutor.swift */; };
		000000000000000000000298 /* UninstallerExecutionTests.swift in Sources */ = {isa = PBXBuildFile; fileRef = 000000000000000000000372 /* UninstallerExecutionTests.swift */; };
/* End PBXBuildFile section */

/* Begin PBXContainerItemProxy section */
		000000000000000000000031 /* PBXContainerItemProxy */ = {
			isa = PBXContainerItemProxy;
			containerPortal = 000000000000000000000001 /* Project object */;
			proxyType = 1;
			remoteGlobalIDString = 000000000000000000000020;
			remoteInfo = Omnipo;
		};
/* End PBXContainerItemProxy section */

/* Begin PBXFileReference section */
		000000000000000000000033 /* Omnipo.app */ = {isa = PBXFileReference; explicitFileType = wrapper.application; includeInIndex = 0; path = Omnipo.app; sourceTree = BUILT_PRODUCTS_DIR; };
		000000000000000000000034 /* OmnipoTests.xctest */ = {isa = PBXFileReference; explicitFileType = wrapper.cfbundle; includeInIndex = 0; path = OmnipoTests.xctest; sourceTree = BUILT_PRODUCTS_DIR; };
		000000000000000000000100 /* OmnipoApp.swift */ = {isa = PBXFileReference; lastKnownFileType = sourcecode.swift; path = OmnipoApp.swift; sourceTree = "<group>"; };
		000000000000000000000101 /* AppState.swift */ = {isa = PBXFileReference; lastKnownFileType = sourcecode.swift; path = AppState.swift; sourceTree = "<group>"; };
		000000000000000000000102 /* AppDestination.swift */ = {isa = PBXFileReference; lastKnownFileType = sourcecode.swift; path = AppDestination.swift; sourceTree = "<group>"; };
		000000000000000000000103 /* DependencyContainer.swift */ = {isa = PBXFileReference; lastKnownFileType = sourcecode.swift; path = DependencyContainer.swift; sourceTree = "<group>"; };
		000000000000000000000104 /* RootView.swift */ = {isa = PBXFileReference; lastKnownFileType = sourcecode.swift; path = RootView.swift; sourceTree = "<group>"; };
		000000000000000000000105 /* SettingsView.swift */ = {isa = PBXFileReference; lastKnownFileType = sourcecode.swift; path = SettingsView.swift; sourceTree = "<group>"; };
		000000000000000000000106 /* DashboardView.swift */ = {isa = PBXFileReference; lastKnownFileType = sourcecode.swift; path = DashboardView.swift; sourceTree = "<group>"; };
		000000000000000000000107 /* LauncherView.swift */ = {isa = PBXFileReference; lastKnownFileType = sourcecode.swift; path = LauncherView.swift; sourceTree = "<group>"; };
		000000000000000000000108 /* ClipboardView.swift */ = {isa = PBXFileReference; lastKnownFileType = sourcecode.swift; path = ClipboardView.swift; sourceTree = "<group>"; };
		000000000000000000000109 /* CleanerView.swift */ = {isa = PBXFileReference; lastKnownFileType = sourcecode.swift; path = CleanerView.swift; sourceTree = "<group>"; };
		00000000000000000000010A /* UninstallerView.swift */ = {isa = PBXFileReference; lastKnownFileType = sourcecode.swift; path = UninstallerView.swift; sourceTree = "<group>"; };
		00000000000000000000010B /* PermissionAuditView.swift */ = {isa = PBXFileReference; lastKnownFileType = sourcecode.swift; path = PermissionAuditView.swift; sourceTree = "<group>"; };
		00000000000000000000010C /* WeChatManagerView.swift */ = {isa = PBXFileReference; lastKnownFileType = sourcecode.swift; path = WeChatManagerView.swift; sourceTree = "<group>"; };
		00000000000000000000010D /* SystemMonitorView.swift */ = {isa = PBXFileReference; lastKnownFileType = sourcecode.swift; path = SystemMonitorView.swift; sourceTree = "<group>"; };
		00000000000000000000010E /* PlaceholderFeatureView.swift */ = {isa = PBXFileReference; lastKnownFileType = sourcecode.swift; path = PlaceholderFeatureView.swift; sourceTree = "<group>"; };
		00000000000000000000010F /* SettingsService.swift */ = {isa = PBXFileReference; lastKnownFileType = sourcecode.swift; path = SettingsService.swift; sourceTree = "<group>"; };
		000000000000000000000110 /* LoggingService.swift */ = {isa = PBXFileReference; lastKnownFileType = sourcecode.swift; path = LoggingService.swift; sourceTree = "<group>"; };
		000000000000000000000111 /* AppError.swift */ = {isa = PBXFileReference; lastKnownFileType = sourcecode.swift; path = AppError.swift; sourceTree = "<group>"; };
		000000000000000000000112 /* TaskProgress.swift */ = {isa = PBXFileReference; lastKnownFileType = sourcecode.swift; path = TaskProgress.swift; sourceTree = "<group>"; };
		000000000000000000000113 /* OperationLog.swift */ = {isa = PBXFileReference; lastKnownFileType = sourcecode.swift; path = OperationLog.swift; sourceTree = "<group>"; };
		000000000000000000000114 /* UserDefaultsSettingsService.swift */ = {isa = PBXFileReference; lastKnownFileType = sourcecode.swift; path = UserDefaultsSettingsService.swift; sourceTree = "<group>"; };
		000000000000000000000115 /* OSLogLoggingService.swift */ = {isa = PBXFileReference; lastKnownFileType = sourcecode.swift; path = OSLogLoggingService.swift; sourceTree = "<group>"; };
		000000000000000000000116 /* Assets.xcassets */ = {isa = PBXFileReference; lastKnownFileType = folder.assetcatalog; path = Assets.xcassets; sourceTree = "<group>"; };
		000000000000000000000117 /* Omnipo.entitlements */ = {isa = PBXFileReference; lastKnownFileType = text.plist.entitlements; path = Omnipo.entitlements; sourceTree = "<group>"; };
		000000000000000000000119 /* SettingsServiceTests.swift */ = {isa = PBXFileReference; lastKnownFileType = sourcecode.swift; path = SettingsServiceTests.swift; sourceTree = "<group>"; };
		00000000000000000000011A /* LoggingServiceTests.swift */ = {isa = PBXFileReference; lastKnownFileType = sourcecode.swift; path = LoggingServiceTests.swift; sourceTree = "<group>"; };
		00000000000000000000011B /* ModelTests.swift */ = {isa = PBXFileReference; lastKnownFileType = sourcecode.swift; path = ModelTests.swift; sourceTree = "<group>"; };
		000000000000000000000300 /* KeyboardShortcut.swift */ = {isa = PBXFileReference; lastKnownFileType = sourcecode.swift; path = KeyboardShortcut.swift; sourceTree = "<group>"; };
		000000000000000000000301 /* LauncherCommand.swift */ = {isa = PBXFileReference; lastKnownFileType = sourcecode.swift; path = LauncherCommand.swift; sourceTree = "<group>"; };
		000000000000000000000302 /* SearchResult.swift */ = {isa = PBXFileReference; lastKnownFileType = sourcecode.swift; path = SearchResult.swift; sourceTree = "<group>"; };
		000000000000000000000303 /* ShortcutService.swift */ = {isa = PBXFileReference; lastKnownFileType = sourcecode.swift; path = ShortcutService.swift; sourceTree = "<group>"; };
		000000000000000000000304 /* SearchService.swift */ = {isa = PBXFileReference; lastKnownFileType = sourcecode.swift; path = SearchService.swift; sourceTree = "<group>"; };
		000000000000000000000305 /* KeyboardShortcutTests.swift */ = {isa = PBXFileReference; lastKnownFileType = sourcecode.swift; path = KeyboardShortcutTests.swift; sourceTree = "<group>"; };
		000000000000000000000306 /* LauncherCommandTests.swift */ = {isa = PBXFileReference; lastKnownFileType = sourcecode.swift; path = LauncherCommandTests.swift; sourceTree = "<group>"; };
		000000000000000000000307 /* SearchResultTests.swift */ = {isa = PBXFileReference; lastKnownFileType = sourcecode.swift; path = SearchResultTests.swift; sourceTree = "<group>"; };
		000000000000000000000308 /* CarbonShortcutService.swift */ = {isa = PBXFileReference; lastKnownFileType = sourcecode.swift; path = CarbonShortcutService.swift; sourceTree = "<group>"; };
		000000000000000000000309 /* CarbonShortcutServiceTests.swift */ = {isa = PBXFileReference; lastKnownFileType = sourcecode.swift; path = CarbonShortcutServiceTests.swift; sourceTree = "<group>"; };
		00000000000000000000030A /* ShortcutSettingsSection.swift */ = {isa = PBXFileReference; lastKnownFileType = sourcecode.swift; path = ShortcutSettingsSection.swift; sourceTree = "<group>"; };
		00000000000000000000030B /* SearchMatcher.swift */ = {isa = PBXFileReference; lastKnownFileType = sourcecode.swift; path = SearchMatcher.swift; sourceTree = "<group>"; };
		00000000000000000000030C /* SearchRanker.swift */ = {isa = PBXFileReference; lastKnownFileType = sourcecode.swift; path = SearchRanker.swift; sourceTree = "<group>"; };
		00000000000000000000030D /* CommandSearchProvider.swift */ = {isa = PBXFileReference; lastKnownFileType = sourcecode.swift; path = CommandSearchProvider.swift; sourceTree = "<group>"; };
		00000000000000000000030E /* SearchRankerTests.swift */ = {isa = PBXFileReference; lastKnownFileType = sourcecode.swift; path = SearchRankerTests.swift; sourceTree = "<group>"; };
		00000000000000000000030F /* SystemApplicationDiscovery.swift */ = {isa = PBXFileReference; lastKnownFileType = sourcecode.swift; path = SystemApplicationDiscovery.swift; sourceTree = "<group>"; };
		000000000000000000000323 /* ApplicationIndex.swift */ = {isa = PBXFileReference; lastKnownFileType = sourcecode.swift; path = ApplicationIndex.swift; sourceTree = "<group>"; };
		000000000000000000000310 /* ApplicationSearchProvider.swift */ = {isa = PBXFileReference; lastKnownFileType = sourcecode.swift; path = ApplicationSearchProvider.swift; sourceTree = "<group>"; };
		000000000000000000000311 /* ApplicationLauncher.swift */ = {isa = PBXFileReference; lastKnownFileType = sourcecode.swift; path = ApplicationLauncher.swift; sourceTree = "<group>"; };
		000000000000000000000312 /* ApplicationSearchProviderTests.swift */ = {isa = PBXFileReference; lastKnownFileType = sourcecode.swift; path = ApplicationSearchProviderTests.swift; sourceTree = "<group>"; };
		000000000000000000000313 /* SpotlightFileSearchProvider.swift */ = {isa = PBXFileReference; lastKnownFileType = sourcecode.swift; path = SpotlightFileSearchProvider.swift; sourceTree = "<group>"; };
		000000000000000000000314 /* SpotlightFileSearchBackend.swift */ = {isa = PBXFileReference; lastKnownFileType = sourcecode.swift; path = SpotlightFileSearchBackend.swift; sourceTree = "<group>"; };
		000000000000000000000315 /* FileLauncher.swift */ = {isa = PBXFileReference; lastKnownFileType = sourcecode.swift; path = FileLauncher.swift; sourceTree = "<group>"; };
		000000000000000000000316 /* SpotlightFileSearchProviderTests.swift */ = {isa = PBXFileReference; lastKnownFileType = sourcecode.swift; path = SpotlightFileSearchProviderTests.swift; sourceTree = "<group>"; };
		000000000000000000000317 /* DefaultSearchService.swift */ = {isa = PBXFileReference; lastKnownFileType = sourcecode.swift; path = DefaultSearchService.swift; sourceTree = "<group>"; };
		000000000000000000000318 /* LauncherStore.swift */ = {isa = PBXFileReference; lastKnownFileType = sourcecode.swift; path = LauncherStore.swift; sourceTree = "<group>"; };
		000000000000000000000319 /* SearchAggregationTests.swift */ = {isa = PBXFileReference; lastKnownFileType = sourcecode.swift; path = SearchAggregationTests.swift; sourceTree = "<group>"; };
		00000000000000000000031A /* LauncherPanelView.swift */ = {isa = PBXFileReference; lastKnownFileType = sourcecode.swift; path = LauncherPanelView.swift; sourceTree = "<group>"; };
		00000000000000000000031B /* LauncherPanelController.swift */ = {isa = PBXFileReference; lastKnownFileType = sourcecode.swift; path = LauncherPanelController.swift; sourceTree = "<group>"; };
		00000000000000000000031C /* LauncherNavigation.swift */ = {isa = PBXFileReference; lastKnownFileType = sourcecode.swift; path = LauncherNavigation.swift; sourceTree = "<group>"; };
		00000000000000000000031D /* LauncherCommandExecutor.swift */ = {isa = PBXFileReference; lastKnownFileType = sourcecode.swift; path = LauncherCommandExecutor.swift; sourceTree = "<group>"; };
		00000000000000000000031E /* LauncherResultExecutor.swift */ = {isa = PBXFileReference; lastKnownFileType = sourcecode.swift; path = LauncherResultExecutor.swift; sourceTree = "<group>"; };
		00000000000000000000031F /* LauncherCoordinator.swift */ = {isa = PBXFileReference; lastKnownFileType = sourcecode.swift; path = LauncherCoordinator.swift; sourceTree = "<group>"; };
		0000000000000000000003A0 /* ClipboardCoordinator.swift */ = {isa = PBXFileReference; lastKnownFileType = sourcecode.swift; path = ClipboardCoordinator.swift; sourceTree = "<group>"; };
		0000000000000000000003A1 /* ClipboardPanelController.swift */ = {isa = PBXFileReference; lastKnownFileType = sourcecode.swift; path = ClipboardPanelController.swift; sourceTree = "<group>"; };
		0000000000000000000003A2 /* ClipboardPanelView.swift */ = {isa = PBXFileReference; lastKnownFileType = sourcecode.swift; path = ClipboardPanelView.swift; sourceTree = "<group>"; };
		0000000000000000000003A3 /* ClipboardContentType+Presentation.swift */ = {isa = PBXFileReference; lastKnownFileType = sourcecode.swift; path = "ClipboardContentType+Presentation.swift"; sourceTree = "<group>"; };
		0000000000000000000003A4 /* PermissionAudit.swift */ = {isa = PBXFileReference; lastKnownFileType = sourcecode.swift; path = PermissionAudit.swift; sourceTree = "<group>"; };
		0000000000000000000003A5 /* PermissionAuditService.swift */ = {isa = PBXFileReference; lastKnownFileType = sourcecode.swift; path = PermissionAuditService.swift; sourceTree = "<group>"; };
		0000000000000000000003A6 /* PermissionAuditModelsTests.swift */ = {isa = PBXFileReference; lastKnownFileType = sourcecode.swift; path = PermissionAuditModelsTests.swift; sourceTree = "<group>"; };
		0000000000000000000003B0 /* PermissionAuditAggregator.swift */ = {isa = PBXFileReference; lastKnownFileType = sourcecode.swift; path = PermissionAuditAggregator.swift; sourceTree = "<group>"; };
		0000000000000000000003B1 /* DefaultPermissionAuditService.swift */ = {isa = PBXFileReference; lastKnownFileType = sourcecode.swift; path = DefaultPermissionAuditService.swift; sourceTree = "<group>"; };
		0000000000000000000003B2 /* TCCReadOnlySnapshotProvider.swift */ = {isa = PBXFileReference; lastKnownFileType = sourcecode.swift; path = TCCReadOnlySnapshotProvider.swift; sourceTree = "<group>"; };
		0000000000000000000003B3 /* TCCPermissionCategoryProvider.swift */ = {isa = PBXFileReference; lastKnownFileType = sourcecode.swift; path = TCCPermissionCategoryProvider.swift; sourceTree = "<group>"; };
		0000000000000000000003B4 /* SystemPermissionApplicationResolver.swift */ = {isa = PBXFileReference; lastKnownFileType = sourcecode.swift; path = SystemPermissionApplicationResolver.swift; sourceTree = "<group>"; };
		0000000000000000000003B5 /* PermissionAuditStore.swift */ = {isa = PBXFileReference; lastKnownFileType = sourcecode.swift; path = PermissionAuditStore.swift; sourceTree = "<group>"; };
		0000000000000000000003D0 /* Bundle+DisplayName.swift */ = {isa = PBXFileReference; lastKnownFileType = sourcecode.swift; path = "Bundle+DisplayName.swift"; sourceTree = "<group>"; };
		000000000000000000000320 /* MainWindowNavigator.swift */ = {isa = PBXFileReference; lastKnownFileType = sourcecode.swift; path = MainWindowNavigator.swift; sourceTree = "<group>"; };
		000000000000000000000321 /* LauncherCommandExecutorTests.swift */ = {isa = PBXFileReference; lastKnownFileType = sourcecode.swift; path = LauncherCommandExecutorTests.swift; sourceTree = "<group>"; };
		000000000000000000000322 /* LauncherInputState.swift */ = {isa = PBXFileReference; lastKnownFileType = sourcecode.swift; path = LauncherInputState.swift; sourceTree = "<group>"; };
		000000000000000000000324 /* LauncherSearchField.swift */ = {isa = PBXFileReference; lastKnownFileType = sourcecode.swift; path = LauncherSearchField.swift; sourceTree = "<group>"; };
		000000000000000000000325 /* ApplicationResourceCache.swift */ = {isa = PBXFileReference; lastKnownFileType = sourcecode.swift; path = ApplicationResourceCache.swift; sourceTree = "<group>"; };
		000000000000000000000326 /* LauncherPerformanceTests.swift */ = {isa = PBXFileReference; lastKnownFileType = sourcecode.swift; path = LauncherPerformanceTests.swift; sourceTree = "<group>"; };
		000000000000000000000327 /* DashboardShortcut.swift */ = {isa = PBXFileReference; lastKnownFileType = sourcecode.swift; path = DashboardShortcut.swift; sourceTree = "<group>"; };
		000000000000000000000328 /* SidebarView.swift */ = {isa = PBXFileReference; lastKnownFileType = sourcecode.swift; path = SidebarView.swift; sourceTree = "<group>"; };
		000000000000000000000329 /* DashboardComponents.swift */ = {isa = PBXFileReference; lastKnownFileType = sourcecode.swift; path = DashboardComponents.swift; sourceTree = "<group>"; };
		00000000000000000000032A /* WindowLayoutMetrics.swift */ = {isa = PBXFileReference; lastKnownFileType = sourcecode.swift; path = WindowLayoutMetrics.swift; sourceTree = "<group>"; };
		00000000000000000000032B /* DiskCapacitySnapshot.swift */ = {isa = PBXFileReference; lastKnownFileType = sourcecode.swift; path = DiskCapacitySnapshot.swift; sourceTree = "<group>"; };
		00000000000000000000032C /* DiskUsageService.swift */ = {isa = PBXFileReference; lastKnownFileType = sourcecode.swift; path = DiskUsageService.swift; sourceTree = "<group>"; };
		00000000000000000000032D /* DiskUsageServiceTests.swift */ = {isa = PBXFileReference; lastKnownFileType = sourcecode.swift; path = DiskUsageServiceTests.swift; sourceTree = "<group>"; };
		00000000000000000000032E /* SystemDiskUsageService.swift */ = {isa = PBXFileReference; lastKnownFileType = sourcecode.swift; path = SystemDiskUsageService.swift; sourceTree = "<group>"; };
		00000000000000000000032F /* SystemDiskUsageServiceTests.swift */ = {isa = PBXFileReference; lastKnownFileType = sourcecode.swift; path = SystemDiskUsageServiceTests.swift; sourceTree = "<group>"; };
		000000000000000000000330 /* AppStateTests.swift */ = {isa = PBXFileReference; lastKnownFileType = sourcecode.swift; path = AppStateTests.swift; sourceTree = "<group>"; };
		000000000000000000000331 /* LauncherCoordinatorTests.swift */ = {isa = PBXFileReference; lastKnownFileType = sourcecode.swift; path = LauncherCoordinatorTests.swift; sourceTree = "<group>"; };
		000000000000000000000332 /* LargeFile.swift */ = {isa = PBXFileReference; lastKnownFileType = sourcecode.swift; path = LargeFile.swift; sourceTree = "<group>"; };
		000000000000000000000333 /* LargeFileTests.swift */ = {isa = PBXFileReference; lastKnownFileType = sourcecode.swift; path = LargeFileTests.swift; sourceTree = "<group>"; };
		000000000000000000000334 /* LargeFileScanner.swift */ = {isa = PBXFileReference; lastKnownFileType = sourcecode.swift; path = LargeFileScanner.swift; sourceTree = "<group>"; };
		000000000000000000000335 /* LargeFileScannerTests.swift */ = {isa = PBXFileReference; lastKnownFileType = sourcecode.swift; path = LargeFileScannerTests.swift; sourceTree = "<group>"; };
		000000000000000000000336 /* CleanerLargeFileSection.swift */ = {isa = PBXFileReference; lastKnownFileType = sourcecode.swift; path = CleanerLargeFileSection.swift; sourceTree = "<group>"; };
		000000000000000000000337 /* CleanerLargeFileSectionTests.swift */ = {isa = PBXFileReference; lastKnownFileType = sourcecode.swift; path = CleanerLargeFileSectionTests.swift; sourceTree = "<group>"; };
		000000000000000000000338 /* AuthorizedRootManager.swift */ = {isa = PBXFileReference; lastKnownFileType = sourcecode.swift; path = AuthorizedRootManager.swift; sourceTree = "<group>"; };
		000000000000000000000339 /* SystemMetricSnapshot.swift */ = {isa = PBXFileReference; lastKnownFileType = sourcecode.swift; path = SystemMetricSnapshot.swift; sourceTree = "<group>"; };
		00000000000000000000033A /* SystemMonitorService.swift */ = {isa = PBXFileReference; lastKnownFileType = sourcecode.swift; path = SystemMonitorService.swift; sourceTree = "<group>"; };
		00000000000000000000033B /* SystemMonitorModelsTests.swift */ = {isa = PBXFileReference; lastKnownFileType = sourcecode.swift; path = SystemMonitorModelsTests.swift; sourceTree = "<group>"; };
		00000000000000000000033C /* CPUSampler.swift */ = {isa = PBXFileReference; lastKnownFileType = sourcecode.swift; path = CPUSampler.swift; sourceTree = "<group>"; };
		00000000000000000000033D /* CPUSamplerTests.swift */ = {isa = PBXFileReference; lastKnownFileType = sourcecode.swift; path = CPUSamplerTests.swift; sourceTree = "<group>"; };
		00000000000000000000033E /* MemorySampler.swift */ = {isa = PBXFileReference; lastKnownFileType = sourcecode.swift; path = MemorySampler.swift; sourceTree = "<group>"; };
		00000000000000000000033F /* MemorySamplerTests.swift */ = {isa = PBXFileReference; lastKnownFileType = sourcecode.swift; path = MemorySamplerTests.swift; sourceTree = "<group>"; };
		000000000000000000000340 /* EnergyStatus.swift */ = {isa = PBXFileReference; lastKnownFileType = sourcecode.swift; path = EnergyStatus.swift; sourceTree = "<group>"; };
		000000000000000000000341 /* EnergyStatusTests.swift */ = {isa = PBXFileReference; lastKnownFileType = sourcecode.swift; path = EnergyStatusTests.swift; sourceTree = "<group>"; };
		000000000000000000000342 /* NetworkSampler.swift */ = {isa = PBXFileReference; lastKnownFileType = sourcecode.swift; path = NetworkSampler.swift; sourceTree = "<group>"; };
		000000000000000000000343 /* NetworkSamplerTests.swift */ = {isa = PBXFileReference; lastKnownFileType = sourcecode.swift; path = NetworkSamplerTests.swift; sourceTree = "<group>"; };
		000000000000000000000344 /* DefaultSystemMonitorService.swift */ = {isa = PBXFileReference; lastKnownFileType = sourcecode.swift; path = DefaultSystemMonitorService.swift; sourceTree = "<group>"; };
		000000000000000000000345 /* DefaultSystemMonitorServiceTests.swift */ = {isa = PBXFileReference; lastKnownFileType = sourcecode.swift; path = DefaultSystemMonitorServiceTests.swift; sourceTree = "<group>"; };
		000000000000000000000346 /* SystemMonitorStore.swift */ = {isa = PBXFileReference; lastKnownFileType = sourcecode.swift; path = SystemMonitorStore.swift; sourceTree = "<group>"; };
		000000000000000000000347 /* SystemMonitorStoreTests.swift */ = {isa = PBXFileReference; lastKnownFileType = sourcecode.swift; path = SystemMonitorStoreTests.swift; sourceTree = "<group>"; };
		000000000000000000000348 /* SystemMonitorTab.swift */ = {isa = PBXFileReference; lastKnownFileType = sourcecode.swift; path = SystemMonitorTab.swift; sourceTree = "<group>"; };
		000000000000000000000349 /* AppUsage.swift */ = {isa = PBXFileReference; lastKnownFileType = sourcecode.swift; path = AppUsage.swift; sourceTree = "<group>"; };
		00000000000000000000034A /* AppUsageSampling.swift */ = {isa = PBXFileReference; lastKnownFileType = sourcecode.swift; path = AppUsageSampling.swift; sourceTree = "<group>"; };
		00000000000000000000034B /* DefaultAppUsageSampler.swift */ = {isa = PBXFileReference; lastKnownFileType = sourcecode.swift; path = DefaultAppUsageSampler.swift; sourceTree = "<group>"; };
		00000000000000000000034C /* AppUsageSamplerTests.swift */ = {isa = PBXFileReference; lastKnownFileType = sourcecode.swift; path = AppUsageSamplerTests.swift; sourceTree = "<group>"; };
		00000000000000000000034D /* StatusBarManager.swift */ = {isa = PBXFileReference; lastKnownFileType = sourcecode.swift; path = StatusBarManager.swift; sourceTree = "<group>"; };
		00000000000000000000034E /* OmnipoTheme.swift */ = {isa = PBXFileReference; lastKnownFileType = sourcecode.swift; path = OmnipoTheme.swift; sourceTree = "<group>"; };
		00000000000000000000034F /* ClipboardContentType.swift */ = {isa = PBXFileReference; lastKnownFileType = sourcecode.swift; path = ClipboardContentType.swift; sourceTree = "<group>"; };
		000000000000000000000350 /* ClipboardItem.swift */ = {isa = PBXFileReference; lastKnownFileType = sourcecode.swift; path = ClipboardItem.swift; sourceTree = "<group>"; };
		000000000000000000000351 /* ClipboardService.swift */ = {isa = PBXFileReference; lastKnownFileType = sourcecode.swift; path = ClipboardService.swift; sourceTree = "<group>"; };
		000000000000000000000352 /* ClipboardModelTests.swift */ = {isa = PBXFileReference; lastKnownFileType = sourcecode.swift; path = ClipboardModelTests.swift; sourceTree = "<group>"; };
		000000000000000000000353 /* ClipboardStorageLocation.swift */ = {isa = PBXFileReference; lastKnownFileType = sourcecode.swift; path = ClipboardStorageLocation.swift; sourceTree = "<group>"; };
		000000000000000000000354 /* ClipboardStorageLocationTests.swift */ = {isa = PBXFileReference; lastKnownFileType = sourcecode.swift; path = ClipboardStorageLocationTests.swift; sourceTree = "<group>"; };
		000000000000000000000355 /* ClipboardDatabase.swift */ = {isa = PBXFileReference; lastKnownFileType = sourcecode.swift; path = ClipboardDatabase.swift; sourceTree = "<group>"; };
		000000000000000000000356 /* ClipboardDatabaseTests.swift */ = {isa = PBXFileReference; lastKnownFileType = sourcecode.swift; path = ClipboardDatabaseTests.swift; sourceTree = "<group>"; };
		000000000000000000000357 /* ClipboardRepository.swift */ = {isa = PBXFileReference; lastKnownFileType = sourcecode.swift; path = ClipboardRepository.swift; sourceTree = "<group>"; };
		000000000000000000000358 /* ClipboardRepositoryTests.swift */ = {isa = PBXFileReference; lastKnownFileType = sourcecode.swift; path = ClipboardRepositoryTests.swift; sourceTree = "<group>"; };
		000000000000000000000359 /* ClipboardBinaryPayload.swift */ = {isa = PBXFileReference; lastKnownFileType = sourcecode.swift; path = ClipboardBinaryPayload.swift; sourceTree = "<group>"; };
		00000000000000000000035A /* BinaryContentStore.swift */ = {isa = PBXFileReference; lastKnownFileType = sourcecode.swift; path = BinaryContentStore.swift; sourceTree = "<group>"; };
		00000000000000000000035B /* BinaryContentStoreTests.swift */ = {isa = PBXFileReference; lastKnownFileType = sourcecode.swift; path = BinaryContentStoreTests.swift; sourceTree = "<group>"; };
		00000000000000000000035C /* ClipboardMonitor.swift */ = {isa = PBXFileReference; lastKnownFileType = sourcecode.swift; path = ClipboardMonitor.swift; sourceTree = "<group>"; };
		00000000000000000000035D /* ClipboardMonitorTests.swift */ = {isa = PBXFileReference; lastKnownFileType = sourcecode.swift; path = ClipboardMonitorTests.swift; sourceTree = "<group>"; };
		00000000000000000000035E /* ClipboardCapturedContent.swift */ = {isa = PBXFileReference; lastKnownFileType = sourcecode.swift; path = ClipboardCapturedContent.swift; sourceTree = "<group>"; };
		00000000000000000000035F /* ClipboardContentReader.swift */ = {isa = PBXFileReference; lastKnownFileType = sourcecode.swift; path = ClipboardContentReader.swift; sourceTree = "<group>"; };
		000000000000000000000360 /* ClipboardContentReaderTests.swift */ = {isa = PBXFileReference; lastKnownFileType = sourcecode.swift; path = ClipboardContentReaderTests.swift; sourceTree = "<group>"; };
		000000000000000000000361 /* ClipboardSourceApplicationProvider.swift */ = {isa = PBXFileReference; lastKnownFileType = sourcecode.swift; path = ClipboardSourceApplicationProvider.swift; sourceTree = "<group>"; };
		000000000000000000000362 /* ClipboardContentWriter.swift */ = {isa = PBXFileReference; lastKnownFileType = sourcecode.swift; path = ClipboardContentWriter.swift; sourceTree = "<group>"; };
		000000000000000000000363 /* ClipboardPasteController.swift */ = {isa = PBXFileReference; lastKnownFileType = sourcecode.swift; path = ClipboardPasteController.swift; sourceTree = "<group>"; };
		000000000000000000000364 /* ClipboardPasteControllerTests.swift */ = {isa = PBXFileReference; lastKnownFileType = sourcecode.swift; path = ClipboardPasteControllerTests.swift; sourceTree = "<group>"; };
		000000000000000000000365 /* ClipboardContentWriterTests.swift */ = {isa = PBXFileReference; lastKnownFileType = sourcecode.swift; path = ClipboardContentWriterTests.swift; sourceTree = "<group>"; };
		000000000000000000000366 /* DefaultClipboardService.swift */ = {isa = PBXFileReference; lastKnownFileType = sourcecode.swift; path = DefaultClipboardService.swift; sourceTree = "<group>"; };
		000000000000000000000367 /* DefaultClipboardServiceTests.swift */ = {isa = PBXFileReference; lastKnownFileType = sourcecode.swift; path = DefaultClipboardServiceTests.swift; sourceTree = "<group>"; };
		000000000000000000000368 /* AppUninstaller.swift */ = {isa = PBXFileReference; lastKnownFileType = sourcecode.swift; path = AppUninstaller.swift; sourceTree = "<group>"; };
		000000000000000000000369 /* UninstallerService.swift */ = {isa = PBXFileReference; lastKnownFileType = sourcecode.swift; path = UninstallerService.swift; sourceTree = "<group>"; };
		00000000000000000000036A /* AppUninstallerModelsTests.swift */ = {isa = PBXFileReference; lastKnownFileType = sourcecode.swift; path = AppUninstallerModelsTests.swift; sourceTree = "<group>"; };
		00000000000000000000036B /* InstalledApplicationScanner.swift */ = {isa = PBXFileReference; lastKnownFileType = sourcecode.swift; path = InstalledApplicationScanner.swift; sourceTree = "<group>"; };
		00000000000000000000036C /* InstalledApplicationScannerTests.swift */ = {isa = PBXFileReference; lastKnownFileType = sourcecode.swift; path = InstalledApplicationScannerTests.swift; sourceTree = "<group>"; };
		00000000000000000000036D /* AssociatedFileScanner.swift */ = {isa = PBXFileReference; lastKnownFileType = sourcecode.swift; path = AssociatedFileScanner.swift; sourceTree = "<group>"; };
		00000000000000000000036E /* AssociatedFileScannerTests.swift */ = {isa = PBXFileReference; lastKnownFileType = sourcecode.swift; path = AssociatedFileScannerTests.swift; sourceTree = "<group>"; };
		00000000000000000000036F /* DefaultUninstallerService.swift */ = {isa = PBXFileReference; lastKnownFileType = sourcecode.swift; path = DefaultUninstallerService.swift; sourceTree = "<group>"; };
		000000000000000000000370 /* SandboxTrashDeletionExecutor.swift */ = {isa = PBXFileReference; lastKnownFileType = sourcecode.swift; path = SandboxTrashDeletionExecutor.swift; sourceTree = "<group>"; };
		000000000000000000000371 /* FinderAutomationDeletionExecutor.swift */ = {isa = PBXFileReference; lastKnownFileType = sourcecode.swift; path = FinderAutomationDeletionExecutor.swift; sourceTree = "<group>"; };
		000000000000000000000372 /* UninstallerExecutionTests.swift */ = {isa = PBXFileReference; lastKnownFileType = sourcecode.swift; path = UninstallerExecutionTests.swift; sourceTree = "<group>"; };
/* End PBXFileReference section */

/* Begin PBXFrameworksBuildPhase section */
		000000000000000000000023 /* Frameworks */ = {
			isa = PBXFrameworksBuildPhase;
			buildActionMask = 2147483647;
			files = (
			);
			runOnlyForDeploymentPostprocessing = 0;
		};
/* End PBXFrameworksBuildPhase section */

/* Begin PBXGroup section */
		000000000000000000000002 /* root */ = {
			isa = PBXGroup;
			children = (
				000000000000000000000003 /* App */,
				000000000000000000000017 /* Tests */,
				000000000000000000000019 /* Products */,
			);
			sourceTree = "<group>";
		};
		000000000000000000000019 /* Products */ = {
			isa = PBXGroup;
			children = (
				000000000000000000000033 /* Omnipo.app */,
				000000000000000000000034 /* OmnipoTests.xctest */,
			);
			name = Products;
			sourceTree = "<group>";
		};
		000000000000000000000003 /* App */ = {
			isa = PBXGroup;
			children = (
				000000000000000000000004 /* Application */,
				000000000000000000000005 /* UI */,
				000000000000000000000011 /* Services */,
				000000000000000000000012 /* Models */,
				000000000000000000000013 /* Infrastructure */,
				000000000000000000000016 /* Resources */,
			);
			path = App;
			sourceTree = "<group>";
		};
		000000000000000000000004 /* Application */ = {
			isa = PBXGroup;
			children = (
				000000000000000000000100 /* OmnipoApp.swift */,
				000000000000000000000101 /* AppState.swift */,
				000000000000000000000102 /* AppDestination.swift */,
				000000000000000000000103 /* DependencyContainer.swift */,
				000000000000000000000311 /* ApplicationLauncher.swift */,
				000000000000000000000315 /* FileLauncher.swift */,
				00000000000000000000031C /* LauncherNavigation.swift */,
				00000000000000000000031D /* LauncherCommandExecutor.swift */,
				00000000000000000000031E /* LauncherResultExecutor.swift */,
				00000000000000000000031F /* LauncherCoordinator.swift */,
				0000000000000000000003A0 /* ClipboardCoordinator.swift */,
				000000000000000000000320 /* MainWindowNavigator.swift */,
				000000000000000000000338 /* AuthorizedRootManager.swift */,
				000000000000000000000346 /* SystemMonitorStore.swift */,
				0000000000000000000003B5 /* PermissionAuditStore.swift */,
			);
			path = Application;
			sourceTree = "<group>";
		};
		000000000000000000000005 /* UI */ = {
			isa = PBXGroup;
			children = (
				000000000000000000000006 /* Root */,
				000000000000000000000007 /* Settings */,
				000000000000000000000008 /* Dashboard */,
				000000000000000000000009 /* Launcher */,
				00000000000000000000000A /* Clipboard */,
				00000000000000000000000B /* Cleaner */,
				00000000000000000000000C /* Uninstaller */,
				00000000000000000000000D /* PermissionAudit */,
				00000000000000000000000E /* WeChatManager */,
				00000000000000000000000F /* SystemMonitor */,
				000000000000000000000010 /* Shared */,
			);
			path = UI;
			sourceTree = "<group>";
		};
		000000000000000000000006 /* Root */ = { isa = PBXGroup; children = ( 000000000000000000000104 /* RootView.swift */, 000000000000000000000328 /* SidebarView.swift */, 00000000000000000000032A /* WindowLayoutMetrics.swift */, ); path = Root; sourceTree = "<group>"; };
		000000000000000000000007 /* Settings */ = { isa = PBXGroup; children = ( 000000000000000000000105 /* SettingsView.swift */, 00000000000000000000030A /* ShortcutSettingsSection.swift */, ); path = Settings; sourceTree = "<group>"; };
		000000000000000000000008 /* Dashboard */ = { isa = PBXGroup; children = ( 000000000000000000000106 /* DashboardView.swift */, 000000000000000000000329 /* DashboardComponents.swift */, ); path = Dashboard; sourceTree = "<group>"; };
		000000000000000000000009 /* Launcher */ = { isa = PBXGroup; children = ( 000000000000000000000107 /* LauncherView.swift */, 000000000000000000000318 /* LauncherStore.swift */, 000000000000000000000324 /* LauncherSearchField.swift */, 00000000000000000000031A /* LauncherPanelView.swift */, ); path = Launcher; sourceTree = "<group>"; };
		00000000000000000000000A /* Clipboard */ = { isa = PBXGroup; children = ( 000000000000000000000108 /* ClipboardView.swift */, 0000000000000000000003A2 /* ClipboardPanelView.swift */, 0000000000000000000003A3 /* ClipboardContentType+Presentation.swift */, ); path = Clipboard; sourceTree = "<group>"; };
		00000000000000000000000B /* Cleaner */ = { isa = PBXGroup; children = ( 000000000000000000000109 /* CleanerView.swift */, 000000000000000000000336 /* CleanerLargeFileSection.swift */, ); path = Cleaner; sourceTree = "<group>"; };
		00000000000000000000000C /* Uninstaller */ = { isa = PBXGroup; children = ( 00000000000000000000010A /* UninstallerView.swift */, ); path = Uninstaller; sourceTree = "<group>"; };
		00000000000000000000000D /* PermissionAudit */ = { isa = PBXGroup; children = ( 00000000000000000000010B /* PermissionAuditView.swift */, ); path = PermissionAudit; sourceTree = "<group>"; };
		00000000000000000000000E /* WeChatManager */ = { isa = PBXGroup; children = ( 00000000000000000000010C /* WeChatManagerView.swift */, ); path = WeChatManager; sourceTree = "<group>"; };
		00000000000000000000000F /* SystemMonitor */ = { isa = PBXGroup; children = ( 00000000000000000000010D /* SystemMonitorView.swift */, ); path = SystemMonitor; sourceTree = "<group>"; };
		000000000000000000000010 /* Shared */ = { isa = PBXGroup; children = ( 00000000000000000000010E /* PlaceholderFeatureView.swift */, 00000000000000000000034E /* OmnipoTheme.swift */, ); path = Shared; sourceTree = "<group>"; };
		000000000000000000000011 /* Services */ = {
			isa = PBXGroup;
			children = (
				00000000000000000000010F /* SettingsService.swift */,
				000000000000000000000110 /* LoggingService.swift */,
				000000000000000000000303 /* ShortcutService.swift */,
				000000000000000000000304 /* SearchService.swift */,
				000000000000000000000351 /* ClipboardService.swift */,
				0000000000000000000003A5 /* PermissionAuditService.swift */,
				000000000000000000000369 /* UninstallerService.swift */,
				000000000000000000000366 /* DefaultClipboardService.swift */,
				00000000000000000000032C /* DiskUsageService.swift */,
				00000000000000000000033A /* SystemMonitorService.swift */,
				00000000000000000000034A /* AppUsageSampling.swift */,
			);
			path = Services;
			sourceTree = "<group>";
		};
		000000000000000000000012 /* Models */ = {
			isa = PBXGroup;
			children = (
				000000000000000000000111 /* AppError.swift */,
				000000000000000000000112 /* TaskProgress.swift */,
				000000000000000000000113 /* OperationLog.swift */,
				000000000000000000000300 /* KeyboardShortcut.swift */,
				000000000000000000000301 /* LauncherCommand.swift */,
				000000000000000000000302 /* SearchResult.swift */,
				000000000000000000000322 /* LauncherInputState.swift */,
				000000000000000000000327 /* DashboardShortcut.swift */,
				00000000000000000000032B /* DiskCapacitySnapshot.swift */,
				000000000000000000000332 /* LargeFile.swift */,
				000000000000000000000339 /* SystemMetricSnapshot.swift */,
				000000000000000000000348 /* SystemMonitorTab.swift */,
				000000000000000000000349 /* AppUsage.swift */,
				00000000000000000000034F /* ClipboardContentType.swift */,
				000000000000000000000350 /* ClipboardItem.swift */,
				0000000000000000000003A4 /* PermissionAudit.swift */,
				000000000000000000000359 /* ClipboardBinaryPayload.swift */,
				00000000000000000000035E /* ClipboardCapturedContent.swift */,
				000000000000000000000368 /* AppUninstaller.swift */,
			);
			path = Models;
			sourceTree = "<group>";
		};
		000000000000000000000013 /* Infrastructure */ = {
			isa = PBXGroup;
			children = (
				000000000000000000000014 /* Settings */,
				000000000000000000000015 /* Logging */,
				000000000000000000000047 /* Database */,
				000000000000000000000049 /* Clipboard */,
				000000000000000000000044 /* FileSystem */,
				000000000000000000000040 /* Shortcut */,
				000000000000000000000041 /* Search */,
				000000000000000000000042 /* AppDiscovery */,
				000000000000000000000043 /* Launcher */,
				00000000000000000000004A /* Permissions */,
				00000000000000000000004B /* Uninstaller */,
				000000000000000000000045 /* Diagnostics */,
				000000000000000000000046 /* StatusBar */,
			);
			path = Infrastructure;
			sourceTree = "<group>";
		};
		00000000000000000000004A /* Permissions */ = {
			isa = PBXGroup;
			children = (
				0000000000000000000003B0 /* PermissionAuditAggregator.swift */,
				0000000000000000000003B1 /* DefaultPermissionAuditService.swift */,
				0000000000000000000003B2 /* TCCReadOnlySnapshotProvider.swift */,
				0000000000000000000003B3 /* TCCPermissionCategoryProvider.swift */,
				0000000000000000000003B4 /* SystemPermissionApplicationResolver.swift */,
			);
			path = Permissions;
			sourceTree = "<group>";
		};
		00000000000000000000004B /* Uninstaller */ = {
			isa = PBXGroup;
			children = (
				00000000000000000000036F /* DefaultUninstallerService.swift */,
				00000000000000000000036B /* InstalledApplicationScanner.swift */,
				00000000000000000000036D /* AssociatedFileScanner.swift */,
				000000000000000000000370 /* SandboxTrashDeletionExecutor.swift */,
				000000000000000000000371 /* FinderAutomationDeletionExecutor.swift */,
			);
			path = Uninstaller;
			sourceTree = "<group>";
		};
		000000000000000000000049 /* Clipboard */ = {
			isa = PBXGroup;
			children = (
				00000000000000000000035A /* BinaryContentStore.swift */,
				00000000000000000000035C /* ClipboardMonitor.swift */,
				00000000000000000000035F /* ClipboardContentReader.swift */,
				000000000000000000000361 /* ClipboardSourceApplicationProvider.swift */,
				000000000000000000000362 /* ClipboardContentWriter.swift */,
				000000000000000000000363 /* ClipboardPasteController.swift */,
				0000000000000000000003A1 /* ClipboardPanelController.swift */,
			);
			path = Clipboard;
			sourceTree = "<group>";
		};
		000000000000000000000046 /* StatusBar */ = {
			isa = PBXGroup;
			children = (
				00000000000000000000034D /* StatusBarManager.swift */,
			);
			path = StatusBar;
			sourceTree = "<group>";
		};
		000000000000000000000047 /* Database */ = {
			isa = PBXGroup;
			children = (
				000000000000000000000048 /* Clipboard */,
			);
			path = Database;
			sourceTree = "<group>";
		};
		000000000000000000000048 /* Clipboard */ = {
			isa = PBXGroup;
			children = (
				000000000000000000000353 /* ClipboardStorageLocation.swift */,
				000000000000000000000355 /* ClipboardDatabase.swift */,
				000000000000000000000357 /* ClipboardRepository.swift */,
			);
			path = Clipboard;
			sourceTree = "<group>";
		};
		000000000000000000000045 /* Diagnostics */ = {
			isa = PBXGroup;
			children = (
				00000000000000000000033C /* CPUSampler.swift */,
				00000000000000000000033E /* MemorySampler.swift */,
				000000000000000000000340 /* EnergyStatus.swift */,
				000000000000000000000342 /* NetworkSampler.swift */,
				000000000000000000000344 /* DefaultSystemMonitorService.swift */,
				00000000000000000000034B /* DefaultAppUsageSampler.swift */,
			);
			path = Diagnostics;
			sourceTree = "<group>";
		};
		000000000000000000000041 /* Search */ = {
			isa = PBXGroup;
			children = (
				00000000000000000000030B /* SearchMatcher.swift */,
				00000000000000000000030C /* SearchRanker.swift */,
				00000000000000000000030D /* CommandSearchProvider.swift */,
				000000000000000000000310 /* ApplicationSearchProvider.swift */,
				000000000000000000000313 /* SpotlightFileSearchProvider.swift */,
				000000000000000000000314 /* SpotlightFileSearchBackend.swift */,
				000000000000000000000317 /* DefaultSearchService.swift */,
			);
			path = Search;
			sourceTree = "<group>";
		};
		000000000000000000000040 /* Shortcut */ = {
			isa = PBXGroup;
			children = (
				000000000000000000000308 /* CarbonShortcutService.swift */,
			);
			path = Shortcut;
			sourceTree = "<group>";
		};
		000000000000000000000042 /* AppDiscovery */ = {
			isa = PBXGroup;
			children = (
				000000000000000000000323 /* ApplicationIndex.swift */,
				000000000000000000000325 /* ApplicationResourceCache.swift */,
				0000000000000000000003D0 /* Bundle+DisplayName.swift */,
				00000000000000000000030F /* SystemApplicationDiscovery.swift */,
			);
			path = AppDiscovery;
			sourceTree = "<group>";
		};
		000000000000000000000043 /* Launcher */ = {
			isa = PBXGroup;
			children = (
				00000000000000000000031B /* LauncherPanelController.swift */,
			);
			path = Launcher;
			sourceTree = "<group>";
		};
		000000000000000000000044 /* FileSystem */ = {
			isa = PBXGroup;
			children = (
				00000000000000000000032E /* SystemDiskUsageService.swift */,
				000000000000000000000334 /* LargeFileScanner.swift */,
			);
			path = FileSystem;
			sourceTree = "<group>";
		};
		000000000000000000000014 /* Settings */ = { isa = PBXGroup; children = ( 000000000000000000000114 /* UserDefaultsSettingsService.swift */, ); path = Settings; sourceTree = "<group>"; };
		000000000000000000000015 /* Logging */ = { isa = PBXGroup; children = ( 000000000000000000000115 /* OSLogLoggingService.swift */, ); path = Logging; sourceTree = "<group>"; };
		000000000000000000000016 /* Resources */ = {
			isa = PBXGroup;
			children = (
				000000000000000000000116 /* Assets.xcassets */,
				000000000000000000000117 /* Omnipo.entitlements */,
			);
			path = Resources;
			sourceTree = "<group>";
		};
		000000000000000000000017 /* Tests */ = {
			isa = PBXGroup;
			children = (
				000000000000000000000018 /* OmnipoTests */,
			);
			path = Tests;
			sourceTree = "<group>";
		};
		000000000000000000000018 /* OmnipoTests */ = {
			isa = PBXGroup;
			children = (
				000000000000000000000119 /* SettingsServiceTests.swift */,
				00000000000000000000011A /* LoggingServiceTests.swift */,
				00000000000000000000011B /* ModelTests.swift */,
				000000000000000000000305 /* KeyboardShortcutTests.swift */,
				000000000000000000000306 /* LauncherCommandTests.swift */,
				000000000000000000000307 /* SearchResultTests.swift */,
				000000000000000000000309 /* CarbonShortcutServiceTests.swift */,
				00000000000000000000030E /* SearchRankerTests.swift */,
				000000000000000000000312 /* ApplicationSearchProviderTests.swift */,
				000000000000000000000316 /* SpotlightFileSearchProviderTests.swift */,
				000000000000000000000319 /* SearchAggregationTests.swift */,
				000000000000000000000321 /* LauncherCommandExecutorTests.swift */,
				000000000000000000000326 /* LauncherPerformanceTests.swift */,
				00000000000000000000032D /* DiskUsageServiceTests.swift */,
				00000000000000000000032F /* SystemDiskUsageServiceTests.swift */,
				000000000000000000000330 /* AppStateTests.swift */,
				000000000000000000000331 /* LauncherCoordinatorTests.swift */,
				000000000000000000000333 /* LargeFileTests.swift */,
				000000000000000000000335 /* LargeFileScannerTests.swift */,
				000000000000000000000337 /* CleanerLargeFileSectionTests.swift */,
				00000000000000000000033B /* SystemMonitorModelsTests.swift */,
				00000000000000000000033D /* CPUSamplerTests.swift */,
				00000000000000000000033F /* MemorySamplerTests.swift */,
				000000000000000000000341 /* EnergyStatusTests.swift */,
				000000000000000000000343 /* NetworkSamplerTests.swift */,
				000000000000000000000345 /* DefaultSystemMonitorServiceTests.swift */,
				000000000000000000000347 /* SystemMonitorStoreTests.swift */,
				00000000000000000000034C /* AppUsageSamplerTests.swift */,
				000000000000000000000352 /* ClipboardModelTests.swift */,
				000000000000000000000354 /* ClipboardStorageLocationTests.swift */,
				000000000000000000000356 /* ClipboardDatabaseTests.swift */,
				000000000000000000000358 /* ClipboardRepositoryTests.swift */,
				00000000000000000000035B /* BinaryContentStoreTests.swift */,
				00000000000000000000035D /* ClipboardMonitorTests.swift */,
				000000000000000000000360 /* ClipboardContentReaderTests.swift */,
				000000000000000000000364 /* ClipboardPasteControllerTests.swift */,
				000000000000000000000365 /* ClipboardContentWriterTests.swift */,
				000000000000000000000367 /* DefaultClipboardServiceTests.swift */,
				0000000000000000000003A6 /* PermissionAuditModelsTests.swift */,
				00000000000000000000036A /* AppUninstallerModelsTests.swift */,
				00000000000000000000036C /* InstalledApplicationScannerTests.swift */,
				00000000000000000000036E /* AssociatedFileScannerTests.swift */,
				000000000000000000000372 /* UninstallerExecutionTests.swift */,
			);
			path = OmnipoTests;
			sourceTree = "<group>";
		};
/* End PBXGroup section */

/* Begin PBXNativeTarget section */
		000000000000000000000020 /* Omnipo */ = {
			isa = PBXNativeTarget;
			buildConfigurationList = 000000000000000000000029 /* Build configuration list for PBXNativeTarget "Omnipo" */;
			buildPhases = (
				000000000000000000000022 /* Sources */,
				000000000000000000000023 /* Frameworks */,
				000000000000000000000024 /* Resources */,
			);
			buildRules = (
			);
			dependencies = (
			);
			name = Omnipo;
			productName = Omnipo;
			productReference = 000000000000000000000033 /* Omnipo.app */;
			productType = "com.apple.product-type.application";
		};
		000000000000000000000021 /* OmnipoTests */ = {
			isa = PBXNativeTarget;
			buildConfigurationList = 00000000000000000000002A /* Build configuration list for PBXNativeTarget "OmnipoTests" */;
			buildPhases = (
				000000000000000000000025 /* Sources */,
				000000000000000000000026 /* Frameworks */,
				000000000000000000000027 /* Resources */,
			);
			buildRules = (
			);
			dependencies = (
				000000000000000000000032 /* PBXTargetDependency */,
			);
			name = OmnipoTests;
			productName = OmnipoTests;
			productReference = 000000000000000000000034 /* OmnipoTests.xctest */;
			productType = "com.apple.product-type.bundle.unit-test";
		};
/* End PBXNativeTarget section */

/* Begin PBXProject section */
		000000000000000000000001 /* Project object */ = {
			isa = PBXProject;
			attributes = {
				BuildIndependentTargetsInParallel = 1;
				LastSwiftUpdateCheck = 1600;
				LastUpgradeCheck = 1600;
				TargetAttributes = {
					000000000000000000000020 = {
						CreatedOnToolsVersion = 1600;
					};
					000000000000000000000021 = {
						CreatedOnToolsVersion = 1600;
						TestTargetID = 000000000000000000000020 /* Omnipo */;
					};
				};
			};
			buildConfigurationList = 000000000000000000000028 /* Build configuration list for PBXProject "Omnipo" */;
			compatibilityVersion = "Xcode 14.0";
			developmentRegion = "en";
			hasScannedForEncodings = 0;
			knownRegions = (
				en,
				Base,
			);
			mainGroup = 000000000000000000000002 /* root */;
			productRefGroup = 000000000000000000000019 /* Products */;
			projectDirPath = "";
			projectRoot = "";
			targets = (
				000000000000000000000020 /* Omnipo */,
				000000000000000000000021 /* OmnipoTests */,
			);
		};
/* End PBXProject section */

/* Begin PBXResourcesBuildPhase section */
		000000000000000000000024 /* Resources */ = {
			isa = PBXResourcesBuildPhase;
			buildActionMask = 2147483647;
			files = (
				000000000000000000000216 /* Assets.xcassets in Resources */,
			);
			runOnlyForDeploymentPostprocessing = 0;
		};
		000000000000000000000027 /* Resources */ = {
			isa = PBXResourcesBuildPhase;
			buildActionMask = 2147483647;
			files = (
			);
			runOnlyForDeploymentPostprocessing = 0;
		};
/* End PBXResourcesBuildPhase section */

/* Begin PBXSourcesBuildPhase section */
		000000000000000000000022 /* Sources */ = {
			isa = PBXSourcesBuildPhase;
			buildActionMask = 2147483647;
			files = (
				000000000000000000000200 /* OmnipoApp.swift in Sources */,
				000000000000000000000201 /* AppState.swift in Sources */,
				000000000000000000000202 /* AppDestination.swift in Sources */,
				000000000000000000000203 /* DependencyContainer.swift in Sources */,
				000000000000000000000204 /* RootView.swift in Sources */,
				000000000000000000000205 /* SettingsView.swift in Sources */,
				000000000000000000000206 /* DashboardView.swift in Sources */,
				000000000000000000000207 /* LauncherView.swift in Sources */,
				000000000000000000000208 /* ClipboardView.swift in Sources */,
				000000000000000000000209 /* CleanerView.swift in Sources */,
				00000000000000000000025C /* CleanerLargeFileSection.swift in Sources */,
				00000000000000000000025E /* AuthorizedRootManager.swift in Sources */,
				00000000000000000000025F /* SystemMetricSnapshot.swift in Sources */,
				000000000000000000000260 /* SystemMonitorService.swift in Sources */,
				00000000000000000000026E /* SystemMonitorTab.swift in Sources */,
				00000000000000000000026F /* AppUsage.swift in Sources */,
				000000000000000000000270 /* AppUsageSampling.swift in Sources */,
				000000000000000000000262 /* CPUSampler.swift in Sources */,
				000000000000000000000264 /* MemorySampler.swift in Sources */,
				000000000000000000000266 /* EnergyStatus.swift in Sources */,
				000000000000000000000268 /* NetworkSampler.swift in Sources */,
				00000000000000000000026A /* DefaultSystemMonitorService.swift in Sources */,
				000000000000000000000271 /* DefaultAppUsageSampler.swift in Sources */,
				00000000000000000000026C /* SystemMonitorStore.swift in Sources */,
				000000000000000000000273 /* StatusBarManager.swift in Sources */,
				00000000000000000000020A /* UninstallerView.swift in Sources */,
				00000000000000000000020B /* PermissionAuditView.swift in Sources */,
				00000000000000000000020C /* WeChatManagerView.swift in Sources */,
				00000000000000000000020D /* SystemMonitorView.swift in Sources */,
				00000000000000000000020E /* PlaceholderFeatureView.swift in Sources */,
				000000000000000000000274 /* OmnipoTheme.swift in Sources */,
				000000000000000000000275 /* ClipboardContentType.swift in Sources */,
				000000000000000000000276 /* ClipboardItem.swift in Sources */,
				0000000000000000000002A4 /* PermissionAudit.swift in Sources */,
				000000000000000000000277 /* ClipboardService.swift in Sources */,
				0000000000000000000002A5 /* PermissionAuditService.swift in Sources */,
				00000000000000000000028E /* AppUninstaller.swift in Sources */,
				00000000000000000000028F /* UninstallerService.swift in Sources */,
				000000000000000000000291 /* InstalledApplicationScanner.swift in Sources */,
				000000000000000000000293 /* AssociatedFileScanner.swift in Sources */,
				000000000000000000000295 /* DefaultUninstallerService.swift in Sources */,
				000000000000000000000296 /* SandboxTrashDeletionExecutor.swift in Sources */,
				000000000000000000000297 /* FinderAutomationDeletionExecutor.swift in Sources */,
				0000000000000000000003C0 /* PermissionAuditAggregator.swift in Sources */,
				0000000000000000000003C1 /* DefaultPermissionAuditService.swift in Sources */,
				0000000000000000000003C2 /* TCCReadOnlySnapshotProvider.swift in Sources */,
				0000000000000000000003C3 /* TCCPermissionCategoryProvider.swift in Sources */,
				0000000000000000000003C4 /* SystemPermissionApplicationResolver.swift in Sources */,
				0000000000000000000003C5 /* PermissionAuditStore.swift in Sources */,
				0000000000000000000002A2 /* ClipboardPanelView.swift in Sources */,
				0000000000000000000002A3 /* ClipboardContentType+Presentation.swift in Sources */,
				000000000000000000000279 /* ClipboardStorageLocation.swift in Sources */,
				00000000000000000000027B /* ClipboardDatabase.swift in Sources */,
				00000000000000000000027D /* ClipboardRepository.swift in Sources */,
				00000000000000000000027F /* ClipboardBinaryPayload.swift in Sources */,
				000000000000000000000280 /* BinaryContentStore.swift in Sources */,
				000000000000000000000282 /* ClipboardMonitor.swift in Sources */,
				000000000000000000000284 /* ClipboardCapturedContent.swift in Sources */,
				000000000000000000000285 /* ClipboardContentReader.swift in Sources */,
				000000000000000000000287 /* ClipboardSourceApplicationProvider.swift in Sources */,
				000000000000000000000288 /* ClipboardContentWriter.swift in Sources */,
				000000000000000000000289 /* ClipboardPasteController.swift in Sources */,
				0000000000000000000002A1 /* ClipboardPanelController.swift in Sources */,
				00000000000000000000028C /* DefaultClipboardService.swift in Sources */,
				00000000000000000000020F /* SettingsService.swift in Sources */,
				000000000000000000000210 /* LoggingService.swift in Sources */,
				000000000000000000000211 /* AppError.swift in Sources */,
				000000000000000000000212 /* TaskProgress.swift in Sources */,
				000000000000000000000213 /* OperationLog.swift in Sources */,
				000000000000000000000214 /* UserDefaultsSettingsService.swift in Sources */,
				000000000000000000000215 /* OSLogLoggingService.swift in Sources */,
				000000000000000000000220 /* KeyboardShortcut.swift in Sources */,
				000000000000000000000221 /* LauncherCommand.swift in Sources */,
				000000000000000000000222 /* SearchResult.swift in Sources */,
				000000000000000000000223 /* ShortcutService.swift in Sources */,
				000000000000000000000224 /* SearchService.swift in Sources */,
				000000000000000000000252 /* DiskUsageService.swift in Sources */,
				000000000000000000000254 /* SystemDiskUsageService.swift in Sources */,
				000000000000000000000228 /* CarbonShortcutService.swift in Sources */,
				00000000000000000000022A /* ShortcutSettingsSection.swift in Sources */,
				00000000000000000000022B /* SearchMatcher.swift in Sources */,
				00000000000000000000022C /* SearchRanker.swift in Sources */,
				00000000000000000000022D /* CommandSearchProvider.swift in Sources */,
				00000000000000000000022F /* SystemApplicationDiscovery.swift in Sources */,
				000000000000000000000243 /* ApplicationIndex.swift in Sources */,
				000000000000000000000245 /* ApplicationResourceCache.swift in Sources */,
				0000000000000000000003D1 /* Bundle+DisplayName.swift in Sources */,
				000000000000000000000230 /* ApplicationSearchProvider.swift in Sources */,
				000000000000000000000231 /* ApplicationLauncher.swift in Sources */,
				000000000000000000000233 /* SpotlightFileSearchProvider.swift in Sources */,
				000000000000000000000234 /* SpotlightFileSearchBackend.swift in Sources */,
				000000000000000000000235 /* FileLauncher.swift in Sources */,
				000000000000000000000237 /* DefaultSearchService.swift in Sources */,
				000000000000000000000238 /* LauncherStore.swift in Sources */,
				00000000000000000000023A /* LauncherPanelView.swift in Sources */,
				00000000000000000000023B /* LauncherPanelController.swift in Sources */,
				00000000000000000000023C /* LauncherNavigation.swift in Sources */,
				00000000000000000000023D /* LauncherCommandExecutor.swift in Sources */,
				00000000000000000000023E /* LauncherResultExecutor.swift in Sources */,
				00000000000000000000023F /* LauncherCoordinator.swift in Sources */,
				0000000000000000000002A0 /* ClipboardCoordinator.swift in Sources */,
				000000000000000000000240 /* MainWindowNavigator.swift in Sources */,
				000000000000000000000242 /* LauncherInputState.swift in Sources */,
				000000000000000000000244 /* LauncherSearchField.swift in Sources */,
				000000000000000000000247 /* DashboardShortcut.swift in Sources */,
				000000000000000000000248 /* SidebarView.swift in Sources */,
				000000000000000000000249 /* DashboardComponents.swift in Sources */,
				000000000000000000000250 /* WindowLayoutMetrics.swift in Sources */,
				000000000000000000000251 /* DiskCapacitySnapshot.swift in Sources */,
				000000000000000000000258 /* LargeFile.swift in Sources */,
				00000000000000000000025A /* LargeFileScanner.swift in Sources */,
			);
			runOnlyForDeploymentPostprocessing = 0;
		};
		000000000000000000000025 /* Sources */ = {
			isa = PBXSourcesBuildPhase;
			buildActionMask = 2147483647;
			files = (
				000000000000000000000217 /* SettingsServiceTests.swift in Sources */,
				000000000000000000000218 /* LoggingServiceTests.swift in Sources */,
				000000000000000000000219 /* ModelTests.swift in Sources */,
				000000000000000000000225 /* KeyboardShortcutTests.swift in Sources */,
				000000000000000000000226 /* LauncherCommandTests.swift in Sources */,
				000000000000000000000227 /* SearchResultTests.swift in Sources */,
				000000000000000000000229 /* CarbonShortcutServiceTests.swift in Sources */,
				00000000000000000000022E /* SearchRankerTests.swift in Sources */,
				000000000000000000000232 /* ApplicationSearchProviderTests.swift in Sources */,
				000000000000000000000236 /* SpotlightFileSearchProviderTests.swift in Sources */,
				000000000000000000000239 /* SearchAggregationTests.swift in Sources */,
				000000000000000000000241 /* LauncherCommandExecutorTests.swift in Sources */,
				000000000000000000000246 /* LauncherPerformanceTests.swift in Sources */,
				000000000000000000000253 /* DiskUsageServiceTests.swift in Sources */,
				000000000000000000000255 /* SystemDiskUsageServiceTests.swift in Sources */,
				000000000000000000000256 /* AppStateTests.swift in Sources */,
				000000000000000000000257 /* LauncherCoordinatorTests.swift in Sources */,
				000000000000000000000259 /* LargeFileTests.swift in Sources */,
				00000000000000000000025B /* LargeFileScannerTests.swift in Sources */,
				00000000000000000000025D /* CleanerLargeFileSectionTests.swift in Sources */,
				000000000000000000000261 /* SystemMonitorModelsTests.swift in Sources */,
				000000000000000000000263 /* CPUSamplerTests.swift in Sources */,
				000000000000000000000265 /* MemorySamplerTests.swift in Sources */,
				000000000000000000000267 /* EnergyStatusTests.swift in Sources */,
				000000000000000000000269 /* NetworkSamplerTests.swift in Sources */,
				00000000000000000000026B /* DefaultSystemMonitorServiceTests.swift in Sources */,
				00000000000000000000026D /* SystemMonitorStoreTests.swift in Sources */,
				000000000000000000000272 /* AppUsageSamplerTests.swift in Sources */,
				000000000000000000000278 /* ClipboardModelTests.swift in Sources */,
				00000000000000000000027A /* ClipboardStorageLocationTests.swift in Sources */,
				00000000000000000000027C /* ClipboardDatabaseTests.swift in Sources */,
				00000000000000000000027E /* ClipboardRepositoryTests.swift in Sources */,
				000000000000000000000281 /* BinaryContentStoreTests.swift in Sources */,
				000000000000000000000283 /* ClipboardMonitorTests.swift in Sources */,
				000000000000000000000286 /* ClipboardContentReaderTests.swift in Sources */,
				00000000000000000000028A /* ClipboardPasteControllerTests.swift in Sources */,
				00000000000000000000028B /* ClipboardContentWriterTests.swift in Sources */,
				00000000000000000000028D /* DefaultClipboardServiceTests.swift in Sources */,
				0000000000000000000002A6 /* PermissionAuditModelsTests.swift in Sources */,
				000000000000000000000290 /* AppUninstallerModelsTests.swift in Sources */,
				000000000000000000000292 /* InstalledApplicationScannerTests.swift in Sources */,
				000000000000000000000294 /* AssociatedFileScannerTests.swift in Sources */,
				000000000000000000000298 /* UninstallerExecutionTests.swift in Sources */,
			);
			runOnlyForDeploymentPostprocessing = 0;
		};
/* End PBXSourcesBuildPhase section */

/* Begin PBXTargetDependency section */
		000000000000000000000032 /* PBXTargetDependency */ = {
			isa = PBXTargetDependency;
			target = 000000000000000000000020 /* Omnipo */;
			targetProxy = 000000000000000000000031 /* PBXContainerItemProxy */;
		};
/* End PBXTargetDependency section */

/* Begin PBXFrameworksBuildPhase section (Tests) */
		000000000000000000000026 /* Frameworks */ = {
			isa = PBXFrameworksBuildPhase;
			buildActionMask = 2147483647;
			files = (
			);
			runOnlyForDeploymentPostprocessing = 0;
		};
/* End PBXFrameworksBuildPhase section */

/* Begin XCBuildConfiguration section */
		00000000000000000000002B /* Debug */ = {
			isa = XCBuildConfiguration;
			buildSettings = {
				ALWAYS_SEARCH_USER_PATHS = NO;
				CLANG_ENABLE_OBJC_ARC = YES;
				CLANG_ENABLE_MODULES = YES;
				COPY_PHASE_STRIP = NO;
				DEBUG_INFORMATION_FORMAT = dwarf;
				ENABLE_STRICT_OBJC_MSGSEND = YES;
				ENABLE_TESTABILITY = YES;
				ENABLE_USER_SCRIPT_SANDBOXING = YES;
				GCC_C_LANGUAGE_STANDARD = gnu17;
				GCC_DYNAMIC_NO_PIC = NO;
				GCC_NO_COMMON_BLOCKS = YES;
				GCC_OPTIMIZATION_LEVEL = 0;
				GCC_PREPROCESSOR_DEFINITIONS = (
					"DEBUG=1",
					"$(inherited)",
				);
				GCC_WARN_64_TO_32_BIT_CONVERSION = YES;
				GCC_WARN_ABOUT_RETURN_TYPE = YES_ERROR;
				GCC_WARN_UNDECLARED_SELECTOR = YES;
				GCC_WARN_UNINITIALIZED_AUTOS = YES_AGGRESSIVE;
				GCC_WARN_UNUSED_FUNCTION = YES;
				GCC_WARN_UNUSED_VARIABLE = YES;
				MACOSX_DEPLOYMENT_TARGET = 14.0;
				MTL_ENABLE_DEBUG_INFO = INCLUDE_SOURCE;
				MTL_FAST_MATH = YES;
				ONLY_ACTIVE_ARCH = YES;
				SDKROOT = macosx;
				SWIFT_ACTIVE_COMPILATION_CONDITIONS = "DEBUG $(inherited)";
				SWIFT_OPTIMIZATION_LEVEL = "-Onone";
				SWIFT_VERSION = 6;
			};
			name = Debug;
		};
		00000000000000000000002C /* Release */ = {
			isa = XCBuildConfiguration;
			buildSettings = {
				ALWAYS_SEARCH_USER_PATHS = NO;
				CLANG_ENABLE_OBJC_ARC = YES;
				CLANG_ENABLE_MODULES = YES;
				COPY_PHASE_STRIP = NO;
				DEBUG_INFORMATION_FORMAT = "dwarf-with-dsym";
				ENABLE_NS_ASSERTIONS = NO;
				ENABLE_STRICT_OBJC_MSGSEND = YES;
				ENABLE_USER_SCRIPT_SANDBOXING = YES;
				GCC_C_LANGUAGE_STANDARD = gnu17;
				GCC_NO_COMMON_BLOCKS = YES;
				GCC_WARN_64_TO_32_BIT_CONVERSION = YES;
				GCC_WARN_ABOUT_RETURN_TYPE = YES_ERROR;
				GCC_WARN_UNDECLARED_SELECTOR = YES;
				GCC_WARN_UNINITIALIZED_AUTOS = YES_AGGRESSIVE;
				GCC_WARN_UNUSED_FUNCTION = YES;
				GCC_WARN_UNUSED_VARIABLE = YES;
				MACOSX_DEPLOYMENT_TARGET = 14.0;
				MTL_ENABLE_DEBUG_INFO = NO;
				MTL_FAST_MATH = YES;
				SDKROOT = macosx;
				SWIFT_COMPILATION_MODE = wholemodule;
				SWIFT_VERSION = 6;
			};
			name = Release;
		};
		00000000000000000000002D /* Debug */ = {
			isa = XCBuildConfiguration;
			buildSettings = {
				ASSETCATALOG_COMPILER_APPICON_NAME = AppIcon;
				ASSETCATALOG_COMPILER_GLOBAL_ACCENT_COLOR_NAME = AccentColor;
				CODE_SIGN_ENTITLEMENTS = App/Resources/Omnipo.entitlements;
				CODE_SIGN_STYLE = Automatic;
				COMBINE_HIDPI_IMAGES = YES;
				CURRENT_PROJECT_VERSION = 1;
				ENABLE_HARDENED_RUNTIME = YES;
				ENABLE_PREVIEWS = YES;
				GENERATE_INFOPLIST_FILE = YES;
				INFOPLIST_KEY_LSApplicationCategoryType = "public.app-category.utilities";
				INFOPLIST_KEY_NSHumanReadableCopyright = "";
				LD_RUNPATH_SEARCH_PATHS = (
					"$(inherited)",
					"@executable_path/../Frameworks",
				);
				MARKETING_VERSION = 0.1.0;
				OTHER_LDFLAGS = (
					"$(inherited)",
					"-lsqlite3",
				);
				PRODUCT_BUNDLE_IDENTIFIER = com.omnipo.app;
				PRODUCT_NAME = "$(TARGET_NAME)";
				SWIFT_EMIT_LOC_STRINGS = YES;
			};
			name = Debug;
		};
		00000000000000000000002E /* Release */ = {
			isa = XCBuildConfiguration;
			buildSettings = {
				ASSETCATALOG_COMPILER_APPICON_NAME = AppIcon;
				ASSETCATALOG_COMPILER_GLOBAL_ACCENT_COLOR_NAME = AccentColor;
				CODE_SIGN_ENTITLEMENTS = App/Resources/Omnipo.entitlements;
				CODE_SIGN_STYLE = Automatic;
				COMBINE_HIDPI_IMAGES = YES;
				CURRENT_PROJECT_VERSION = 1;
				ENABLE_HARDENED_RUNTIME = YES;
				ENABLE_PREVIEWS = YES;
				GENERATE_INFOPLIST_FILE = YES;
				INFOPLIST_KEY_LSApplicationCategoryType = "public.app-category.utilities";
				INFOPLIST_KEY_NSHumanReadableCopyright = "";
				LD_RUNPATH_SEARCH_PATHS = (
					"$(inherited)",
					"@executable_path/../Frameworks",
				);
				MARKETING_VERSION = 0.1.0;
				OTHER_LDFLAGS = (
					"$(inherited)",
					"-lsqlite3",
				);
				PRODUCT_BUNDLE_IDENTIFIER = com.omnipo.app;
				PRODUCT_NAME = "$(TARGET_NAME)";
				SWIFT_EMIT_LOC_STRINGS = YES;
			};
			name = Release;
		};
		00000000000000000000002F /* Debug */ = {
			isa = XCBuildConfiguration;
			buildSettings = {
				BUNDLE_LOADER = "$(TEST_HOST)";
				CODE_SIGN_STYLE = Automatic;
				CURRENT_PROJECT_VERSION = 1;
				GENERATE_INFOPLIST_FILE = YES;
				IPHONEOS_DEPLOYMENT_TARGET = 14.0;
				MACOSX_DEPLOYMENT_TARGET = 14.0;
				MARKETING_VERSION = 0.1.0;
				PRODUCT_BUNDLE_IDENTIFIER = com.omnipo.app.tests;
				PRODUCT_NAME = "$(TARGET_NAME)";
				SWIFT_EMIT_LOC_STRINGS = NO;
				TEST_HOST = "$(BUILT_PRODUCTS_DIR)/Omnipo.app/Contents/MacOS/Omnipo";
			};
			name = Debug;
		};
		000000000000000000000030 /* Release */ = {
			isa = XCBuildConfiguration;
			buildSettings = {
				BUNDLE_LOADER = "$(TEST_HOST)";
				CODE_SIGN_STYLE = Automatic;
				CURRENT_PROJECT_VERSION = 1;
				GENERATE_INFOPLIST_FILE = YES;
				IPHONEOS_DEPLOYMENT_TARGET = 14.0;
				MACOSX_DEPLOYMENT_TARGET = 14.0;
				MARKETING_VERSION = 0.1.0;
				PRODUCT_BUNDLE_IDENTIFIER = com.omnipo.app.tests;
				PRODUCT_NAME = "$(TARGET_NAME)";
				SWIFT_EMIT_LOC_STRINGS = NO;
				TEST_HOST = "$(BUILT_PRODUCTS_DIR)/Omnipo.app/Contents/MacOS/Omnipo";
			};
			name = Release;
		};
/* End XCBuildConfiguration section */

/* Begin XCConfigurationList section */
		000000000000000000000028 /* Build configuration list for PBXProject "Omnipo" */ = {
			isa = XCConfigurationList;
			buildConfigurations = (
				00000000000000000000002B /* Debug */,
				00000000000000000000002C /* Release */,
			);
			defaultConfigurationIsVisible = 0;
			defaultConfigurationName = Release;
		};
		000000000000000000000029 /* Build configuration list for PBXNativeTarget "Omnipo" */ = {
			isa = XCConfigurationList;
			buildConfigurations = (
				00000000000000000000002D /* Debug */,
				00000000000000000000002E /* Release */,
			);
			defaultConfigurationIsVisible = 0;
			defaultConfigurationName = Release;
		};
		00000000000000000000002A /* Build configuration list for PBXNativeTarget "OmnipoTests" */ = {
			isa = XCConfigurationList;
			buildConfigurations = (
				00000000000000000000002F /* Debug */,
				000000000000000000000030 /* Release */,
			);
			defaultConfigurationIsVisible = 0;
			defaultConfigurationName = Release;
		};
/* End XCConfigurationList section */
	};
	rootObject = 000000000000000000000001 /* Project object */;
}
